{
  "version": 4,
  "terraform_version": "1.4.5",
  "serial": 26,
  "lineage": "4ce338b4-c13f-af04-9fc2-3cb7eff2ce3b",
  "outputs": {
    "czarserverip": {
      "value": "10.71.0.106",
      "type": "string"
    },
    "jumpserverfloatingip": {
      "value": "192.41.122.210",
      "type": "string"
    },
    "jumpserverip": {
      "value": "10.71.0.212",
      "type": "string"
    }
  },
  "resources": [
    {
      "mode": "data",
      "type": "openstack_compute_flavor_v2",
      "name": "czar-flavor",
      "provider": "provider[\"registry.terraform.io/terraform-provider-openstack/openstack\"]",
      "instances": [
        {
          "schema_version": 0,
          "attributes": {
            "description": "",
            "disk": 50,
            "extra_specs": {},
            "flavor_id": "d2fa877e-e7be-4206-9445-ce2a5ecfa914",
            "id": "d2fa877e-e7be-4206-9445-ce2a5ecfa914",
            "is_public": false,
            "min_disk": null,
            "min_ram": null,
            "name": "qserv-czar-v3",
            "ram": 131072,
            "region": null,
            "rx_tx_factor": 1,
            "swap": 0,
            "vcpus": 32
          },
          "sensitive_attributes": []
        }
      ]
    },
    {
      "mode": "data",
      "type": "openstack_compute_flavor_v2",
      "name": "jump-flavor",
      "provider": "provider[\"registry.terraform.io/terraform-provider-openstack/openstack\"]",
      "instances": [
        {
          "schema_version": 0,
          "attributes": {
            "description": "",
            "disk": 50,
            "extra_specs": {},
            "flavor_id": "34c9e790-5708-4b3c-ae97-c30201b09c3f",
            "id": "34c9e790-5708-4b3c-ae97-c30201b09c3f",
            "is_public": false,
            "min_disk": null,
            "min_ram": null,
            "name": "qserv-jump-v3",
            "ram": 16384,
            "region": null,
            "rx_tx_factor": 1,
            "swap": 0,
            "vcpus": 4
          },
          "sensitive_attributes": []
        }
      ]
    },
    {
      "mode": "data",
      "type": "openstack_compute_flavor_v2",
      "name": "utility-flavor",
      "provider": "provider[\"registry.terraform.io/terraform-provider-openstack/openstack\"]",
      "instances": [
        {
          "schema_version": 0,
          "attributes": {
            "description": "",
            "disk": 50,
            "extra_specs": {},
            "flavor_id": "49fe5109-5bf5-436a-bebc-191bbddc5dd4",
            "id": "49fe5109-5bf5-436a-bebc-191bbddc5dd4",
            "is_public": false,
            "min_disk": null,
            "min_ram": null,
            "name": "qserv-utility-v3",
            "ram": 131072,
            "region": null,
            "rx_tx_factor": 1,
            "swap": 0,
            "vcpus": 32
          },
          "sensitive_attributes": []
        }
      ]
    },
    {
      "mode": "data",
      "type": "openstack_compute_flavor_v2",
      "name": "worker-flavor",
      "provider": "provider[\"registry.terraform.io/terraform-provider-openstack/openstack\"]",
      "instances": [
        {
          "schema_version": 0,
          "attributes": {
            "description": "",
            "disk": 50,
            "extra_specs": {},
            "flavor_id": "2a7c3fe8-cc76-4af4-a598-714c1c463b48",
            "id": "2a7c3fe8-cc76-4af4-a598-714c1c463b48",
            "is_public": false,
            "min_disk": null,
            "min_ram": null,
            "name": "qserv-worker-v3",
            "ram": 65536,
            "region": null,
            "rx_tx_factor": 1,
            "swap": 0,
            "vcpus": 32
          },
          "sensitive_attributes": []
        }
      ]
    },
    {
      "mode": "data",
      "type": "openstack_images_image_v2",
      "name": "image",
      "provider": "provider[\"registry.terraform.io/terraform-provider-openstack/openstack\"]",
      "instances": [
        {
          "schema_version": 0,
          "attributes": {
            "checksum": "b69cbf0ceab5f7ef7d900c377552f366",
            "container_format": "bare",
            "created_at": "2022-06-29T08:17:01Z",
            "disk_format": "raw",
            "file": "/v2/images/fd2ce475-5d1a-45f3-bd49-603332c748c6/file",
            "hidden": false,
            "id": "fd2ce475-5d1a-45f3-bd49-603332c748c6",
            "member_status": null,
            "metadata": {},
            "min_disk_gb": 0,
            "min_ram_mb": 0,
            "most_recent": true,
            "name": "ubuntu-jammy",
            "name_regex": null,
            "owner": "ff3e2de6a0b844d581bcd4335c18d2a4",
            "properties": {
              "os_hash_algo": "sha512",
              "os_hash_value": "b980a9139609b08b521ab6f79be7e5cb8e036701d4d0489ba68d19d65664a0c69a6387bfffcc0f2bc1808944004f7fb74151722b1788b2be63910316d07b6015",
              "owner_specified.openstack.md5": "",
              "owner_specified.openstack.object": "images/ubuntu-jammy",
              "owner_specified.openstack.sha256": "",
              "stores": "rbd"
            },
            "protected": false,
            "region": "RegionOne",
            "schema": "/v2/schemas/image",
            "size_bytes": 2361393152,
            "size_max": null,
            "size_min": null,
            "sort_direction": "asc",
            "sort_key": "name",
            "tag": null,
            "tags": [],
            "updated_at": "2022-06-29T08:17:42Z",
            "visibility": "public"
          },
          "sensitive_attributes": []
        }
      ]
    },
    {
      "mode": "managed",
      "type": "local_file",
      "name": "ansible_hosts",
      "provider": "provider[\"registry.terraform.io/hashicorp/local\"]",
      "instances": [
        {
          "schema_version": 0,
          "attributes": {
            "content": "jumphost:\n  hosts:\n    sv-qserv-jump:\n\nboss:\n  hosts:\n    sv-qserv-jump:\n\nczar:\n  hosts:\n    sv-qserv-czar:\n\nworkers:\n  hosts:\n    sv-qserv-worker-1:\n    sv-qserv-worker-2:\n    sv-qserv-worker-3:\n\nutility_nodes:\n  hosts:\n    sv-qserv-utility-1:\n    sv-qserv-utility-2:\n\ngoons:\n  hosts:\n    sv-qserv-czar:\n    sv-qserv-worker-1:\n    sv-qserv-worker-2:\n    sv-qserv-worker-3:\n    sv-qserv-utility-1:\n    sv-qserv-utility-2:\n",
            "content_base64": null,
            "content_base64sha256": "tzurJ98mSpORWvjhBIaCGQ7UbVvWQqUoT0rAcZP1CeA=",
            "content_base64sha512": "eL5r+pL1T5gIpG62SxnWgH78qKCJMRGRMVhrR3hAPQYMDE6qkOqcdeqX/Yf6Bqby0ekPa/q2MAuihJY9uJsdmw==",
            "content_md5": "e22edc9dc0a13d823f5940603c5bfde4",
            "content_sha1": "cc3c2c02a7a2366018ebdc4d2609844118724742",
            "content_sha256": "b73bab27df264a93915af8e1048682190ed46d5bd642a5284f4ac07193f509e0",
            "content_sha512": "78be6bfa92f54f9808a46eb64b19d6807efca8a08931119131586b4778403d060c0c4eaa90ea9c75ea97fd87fa06a6f2d1e90f6bfab6300ba284963db89b1d9b",
            "directory_permission": "0777",
            "file_permission": "0777",
            "filename": "./ansible/ansible_hosts",
            "id": "cc3c2c02a7a2366018ebdc4d2609844118724742",
            "sensitive_content": null,
            "source": null
          },
          "sensitive_attributes": [],
          "dependencies": [
            "data.openstack_compute_flavor_v2.czar-flavor",
            "data.openstack_compute_flavor_v2.jump-flavor",
            "data.openstack_compute_flavor_v2.utility-flavor",
            "data.openstack_compute_flavor_v2.worker-flavor",
            "data.openstack_images_image_v2.image",
            "openstack_compute_instance_v2.czar",
            "openstack_compute_instance_v2.jump",
            "openstack_compute_instance_v2.utility",
            "openstack_compute_instance_v2.worker"
          ]
        }
      ]
    },
    {
      "mode": "managed",
      "type": "local_file",
      "name": "ssh_config",
      "provider": "provider[\"registry.terraform.io/hashicorp/local\"]",
      "instances": [
        {
          "schema_version": 0,
          "attributes": {
            "content": "Host sv-qserv-jump\n    Hostname 192.41.122.210\n    User ubuntu\n    IdentityFile ~/.ssh/keys/gblow-qserv.pem\n\nHost \"sv-qserv-czar\"\n    Hostname 10.71.0.106\n    proxyjump sv-qserv-jump\n    User ubuntu\n    IdentityFile ~/.ssh/keys/gblow-qserv.pem\n    proxyjump sv-qserv-jump\nHost \"sv-qserv-worker-1\"\n    Hostname 10.71.0.89\n    proxyjump sv-qserv-jump\n    User ubuntu\n    IdentityFile ~/.ssh/keys/gblow-qserv.pem\n    proxyjump sv-qserv-jump\nHost \"sv-qserv-worker-2\"\n    Hostname 10.71.0.22\n    proxyjump sv-qserv-jump\n    User ubuntu\n    IdentityFile ~/.ssh/keys/gblow-qserv.pem\n    proxyjump sv-qserv-jump\nHost \"sv-qserv-worker-3\"\n    Hostname 10.71.0.16\n    proxyjump sv-qserv-jump\n    User ubuntu\n    IdentityFile ~/.ssh/keys/gblow-qserv.pem\n    proxyjump sv-qserv-jump\nHost \"sv-qserv-utility-1\"\n    Hostname 10.71.0.12\n    proxyjump sv-qserv-jump\n    User ubuntu\n    IdentityFile ~/.ssh/keys/gblow-qserv.pem\n    proxyjump sv-qserv-jump\nHost \"sv-qserv-utility-2\"\n    Hostname 10.71.0.236\n    proxyjump sv-qserv-jump\n    User ubuntu\n    IdentityFile ~/.ssh/keys/gblow-qserv.pem\n    proxyjump sv-qserv-jump\n",
            "content_base64": null,
            "content_base64sha256": "yI/nlMX7z1fKjM7p8SPEIbT6dviaYPO4VLbFia/KTj0=",
            "content_base64sha512": "GOMKvIc/lhAorUvsiy8eXMvE6RrTpiL2ut0+XQdzoyRA2CB2183qknAmPqLf21yOeiUop3WO66G4k53tLNLJoQ==",
            "content_md5": "4b0532e143cf63b1c34cdfb31cbb8aad",
            "content_sha1": "e33ba684837c772979e2fbca7de237235cca2eca",
            "content_sha256": "c88fe794c5fbcf57ca8ccee9f123c421b4fa76f89a60f3b854b6c589afca4e3d",
            "content_sha512": "18e30abc873f961028ad4bec8b2f1e5ccbc4e91ad3a622f6badd3e5d0773a32440d82076d7cdea9270263ea2dfdb5c8e7a2528a7758eeba1b8939ded2cd2c9a1",
            "directory_permission": "0777",
            "file_permission": "0777",
            "filename": "qserv_tf_config",
            "id": "e33ba684837c772979e2fbca7de237235cca2eca",
            "sensitive_content": null,
            "source": null
          },
          "sensitive_attributes": [],
          "dependencies": [
            "openstack_compute_instance_v2.czar",
            "openstack_compute_instance_v2.jump",
            "openstack_compute_instance_v2.utility",
            "openstack_compute_instance_v2.worker",
            "openstack_networking_floatingip_v2.jump"
          ]
        }
      ]
    },
    {
      "mode": "managed",
      "type": "openstack_blockstorage_volume_v3",
      "name": "czar-vol",
      "provider": "provider[\"registry.terraform.io/terraform-provider-openstack/openstack\"]",
      "instances": [
        {
          "schema_version": 0,
          "attributes": {
            "attachment": [
              {
                "device": "/dev/vdb",
                "id": "2a4e55a1-f179-41b1-a06b-79382f13a26e",
                "instance_id": "72d7dc73-008e-4e69-815a-ab896ca97378"
              }
            ],
            "availability_zone": "nova",
            "consistency_group_id": null,
            "description": "",
            "enable_online_resize": null,
            "id": "2a4e55a1-f179-41b1-a06b-79382f13a26e",
            "image_id": null,
            "metadata": {},
            "multiattach": null,
            "name": "czar-vol",
            "region": "RegionOne",
            "scheduler_hints": [],
            "size": 5000,
            "snapshot_id": "",
            "source_replica": null,
            "source_vol_id": "",
            "timeouts": null,
            "volume_type": "ceph-hdd"
          },
          "sensitive_attributes": [],
          "private": "eyJlMmJmYjczMC1lY2FhLTExZTYtOGY4OC0zNDM2M2JjN2M0YzAiOnsiY3JlYXRlIjo2MDAwMDAwMDAwMDAsImRlbGV0ZSI6NjAwMDAwMDAwMDAwfX0="
        }
      ]
    },
    {
      "mode": "managed",
      "type": "openstack_blockstorage_volume_v3",
      "name": "utility-vol",
      "provider": "provider[\"registry.terraform.io/terraform-provider-openstack/openstack\"]",
      "instances": [
        {
          "index_key": 0,
          "schema_version": 0,
          "attributes": {
            "attachment": [
              {
                "device": "/dev/vdb",
                "id": "8c5d353a-3701-4e00-adcf-b4b08e97a455",
                "instance_id": "43b32f1c-bd9a-4026-9f73-08aa8475be00"
              }
            ],
            "availability_zone": "nova",
            "consistency_group_id": null,
            "description": "",
            "enable_online_resize": null,
            "id": "8c5d353a-3701-4e00-adcf-b4b08e97a455",
            "image_id": null,
            "metadata": {},
            "multiattach": null,
            "name": "utility-vol1",
            "region": "RegionOne",
            "scheduler_hints": [],
            "size": 5000,
            "snapshot_id": "",
            "source_replica": null,
            "source_vol_id": "",
            "timeouts": null,
            "volume_type": "ceph-hdd"
          },
          "sensitive_attributes": [],
          "private": "eyJlMmJmYjczMC1lY2FhLTExZTYtOGY4OC0zNDM2M2JjN2M0YzAiOnsiY3JlYXRlIjo2MDAwMDAwMDAwMDAsImRlbGV0ZSI6NjAwMDAwMDAwMDAwfX0="
        },
        {
          "index_key": 1,
          "schema_version": 0,
          "attributes": {
            "attachment": [
              {
                "device": "/dev/vdb",
                "id": "0e8c6e8a-8fdd-40a5-88b0-8b30d07f92b4",
                "instance_id": "18863d01-36e1-4e17-8957-f2ca661155f7"
              }
            ],
            "availability_zone": "nova",
            "consistency_group_id": null,
            "description": "",
            "enable_online_resize": null,
            "id": "0e8c6e8a-8fdd-40a5-88b0-8b30d07f92b4",
            "image_id": null,
            "metadata": {},
            "multiattach": null,
            "name": "utility-vol2",
            "region": "RegionOne",
            "scheduler_hints": [],
            "size": 5000,
            "snapshot_id": "",
            "source_replica": null,
            "source_vol_id": "",
            "timeouts": null,
            "volume_type": "ceph-hdd"
          },
          "sensitive_attributes": [],
          "private": "eyJlMmJmYjczMC1lY2FhLTExZTYtOGY4OC0zNDM2M2JjN2M0YzAiOnsiY3JlYXRlIjo2MDAwMDAwMDAwMDAsImRlbGV0ZSI6NjAwMDAwMDAwMDAwfX0="
        }
      ]
    },
    {
      "mode": "managed",
      "type": "openstack_blockstorage_volume_v3",
      "name": "worker-vol",
      "provider": "provider[\"registry.terraform.io/terraform-provider-openstack/openstack\"]",
      "instances": [
        {
          "index_key": 0,
          "schema_version": 0,
          "attributes": {
            "attachment": [
              {
                "device": "/dev/vdb",
                "id": "0d2ef509-b26e-441a-8ff1-10e7886c0b26",
                "instance_id": "8b392c08-7952-4f68-a62d-7a3524cd14d1"
              }
            ],
            "availability_zone": "nova",
            "consistency_group_id": null,
            "description": "",
            "enable_online_resize": null,
            "id": "0d2ef509-b26e-441a-8ff1-10e7886c0b26",
            "image_id": null,
            "metadata": {},
            "multiattach": null,
            "name": "worker-vol1",
            "region": "RegionOne",
            "scheduler_hints": [],
            "size": 5000,
            "snapshot_id": "",
            "source_replica": null,
            "source_vol_id": "",
            "timeouts": null,
            "volume_type": "ceph-hdd"
          },
          "sensitive_attributes": [],
          "private": "eyJlMmJmYjczMC1lY2FhLTExZTYtOGY4OC0zNDM2M2JjN2M0YzAiOnsiY3JlYXRlIjo2MDAwMDAwMDAwMDAsImRlbGV0ZSI6NjAwMDAwMDAwMDAwfX0="
        },
        {
          "index_key": 1,
          "schema_version": 0,
          "attributes": {
            "attachment": [
              {
                "device": "/dev/vdb",
                "id": "9e5e11a0-2c4c-4a99-948c-c43b06a367af",
                "instance_id": "ca0061d0-3b14-4463-b8bb-35a4dd12da33"
              }
            ],
            "availability_zone": "nova",
            "consistency_group_id": null,
            "description": "",
            "enable_online_resize": null,
            "id": "9e5e11a0-2c4c-4a99-948c-c43b06a367af",
            "image_id": null,
            "metadata": {},
            "multiattach": null,
            "name": "worker-vol2",
            "region": "RegionOne",
            "scheduler_hints": [],
            "size": 5000,
            "snapshot_id": "",
            "source_replica": null,
            "source_vol_id": "",
            "timeouts": null,
            "volume_type": "ceph-hdd"
          },
          "sensitive_attributes": [],
          "private": "eyJlMmJmYjczMC1lY2FhLTExZTYtOGY4OC0zNDM2M2JjN2M0YzAiOnsiY3JlYXRlIjo2MDAwMDAwMDAwMDAsImRlbGV0ZSI6NjAwMDAwMDAwMDAwfX0="
        },
        {
          "index_key": 2,
          "schema_version": 0,
          "attributes": {
            "attachment": [
              {
                "device": "/dev/vdb",
                "id": "4528090a-a9bf-4e10-9190-04ccb37994c1",
                "instance_id": "fa9a3b1c-90f1-4374-af34-f6a4e0137a3e"
              }
            ],
            "availability_zone": "nova",
            "consistency_group_id": null,
            "description": "",
            "enable_online_resize": null,
            "id": "4528090a-a9bf-4e10-9190-04ccb37994c1",
            "image_id": null,
            "metadata": {},
            "multiattach": null,
            "name": "worker-vol3",
            "region": "RegionOne",
            "scheduler_hints": [],
            "size": 5000,
            "snapshot_id": "",
            "source_replica": null,
            "source_vol_id": "",
            "timeouts": null,
            "volume_type": "ceph-hdd"
          },
          "sensitive_attributes": [],
          "private": "eyJlMmJmYjczMC1lY2FhLTExZTYtOGY4OC0zNDM2M2JjN2M0YzAiOnsiY3JlYXRlIjo2MDAwMDAwMDAwMDAsImRlbGV0ZSI6NjAwMDAwMDAwMDAwfX0="
        }
      ]
    },
    {
      "mode": "managed",
      "type": "openstack_compute_floatingip_associate_v2",
      "name": "jump",
      "provider": "provider[\"registry.terraform.io/terraform-provider-openstack/openstack\"]",
      "instances": [
        {
          "schema_version": 0,
          "attributes": {
            "fixed_ip": "",
            "floating_ip": "192.41.122.210",
            "id": "192.41.122.210/4236890f-212a-47a2-bbec-c3130efee77f/",
            "instance_id": "4236890f-212a-47a2-bbec-c3130efee77f",
            "region": "RegionOne",
            "timeouts": null,
            "wait_until_associated": null
          },
          "sensitive_attributes": [],
          "private": "eyJlMmJmYjczMC1lY2FhLTExZTYtOGY4OC0zNDM2M2JjN2M0YzAiOnsiY3JlYXRlIjo2MDAwMDAwMDAwMDB9fQ==",
          "dependencies": [
            "openstack_compute_instance_v2.jump",
            "openstack_networking_floatingip_v2.jump"
          ]
        }
      ]
    },
    {
      "mode": "managed",
      "type": "openstack_compute_instance_v2",
      "name": "czar",
      "provider": "provider[\"registry.terraform.io/terraform-provider-openstack/openstack\"]",
      "instances": [
        {
          "schema_version": 0,
          "attributes": {
            "access_ip_v4": "10.71.0.106",
            "access_ip_v6": "",
            "admin_pass": null,
            "all_metadata": {},
            "all_tags": [],
            "availability_zone": "nova",
            "availability_zone_hints": "nova",
            "block_device": [],
            "config_drive": null,
            "created": "2023-04-19 14:56:59 +0000 UTC",
            "flavor_id": "d2fa877e-e7be-4206-9445-ce2a5ecfa914",
            "flavor_name": "qserv-czar-v3",
            "floating_ip": null,
            "force_delete": false,
            "id": "72d7dc73-008e-4e69-815a-ab896ca97378",
            "image_id": "fd2ce475-5d1a-45f3-bd49-603332c748c6",
            "image_name": "ubuntu-jammy",
            "key_pair": "gblow-qserv",
            "metadata": null,
            "name": "sv-qserv-czar",
            "network": [
              {
                "access_network": false,
                "fixed_ip_v4": "10.71.0.106",
                "fixed_ip_v6": "",
                "floating_ip": "",
                "mac": "fa:16:3e:79:6b:19",
                "name": "qserv",
                "port": "",
                "uuid": "3c7b83ed-b695-4d08-b8bf-7a3ef24a0cb7"
              }
            ],
            "network_mode": null,
            "personality": [],
            "power_state": "active",
            "region": "RegionOne",
            "scheduler_hints": [],
            "security_groups": [
              "qserv-kube-sg"
            ],
            "stop_before_destroy": false,
            "tags": [],
            "timeouts": null,
            "updated": "2023-04-19 14:57:09 +0000 UTC",
            "user_data": null,
            "vendor_options": [],
            "volume": []
          },
          "sensitive_attributes": [],
          "private": "eyJlMmJmYjczMC1lY2FhLTExZTYtOGY4OC0zNDM2M2JjN2M0YzAiOnsiY3JlYXRlIjoxODAwMDAwMDAwMDAwLCJkZWxldGUiOjE4MDAwMDAwMDAwMDAsInVwZGF0ZSI6MTgwMDAwMDAwMDAwMH19",
          "dependencies": [
            "data.openstack_compute_flavor_v2.czar-flavor",
            "data.openstack_images_image_v2.image"
          ]
        }
      ]
    },
    {
      "mode": "managed",
      "type": "openstack_compute_instance_v2",
      "name": "jump",
      "provider": "provider[\"registry.terraform.io/terraform-provider-openstack/openstack\"]",
      "instances": [
        {
          "schema_version": 0,
          "attributes": {
            "access_ip_v4": "10.71.0.212",
            "access_ip_v6": "",
            "admin_pass": null,
            "all_metadata": {},
            "all_tags": [],
            "availability_zone": "nova",
            "availability_zone_hints": "nova",
            "block_device": [],
            "config_drive": null,
            "created": "2023-04-19 14:56:58 +0000 UTC",
            "flavor_id": "34c9e790-5708-4b3c-ae97-c30201b09c3f",
            "flavor_name": "qserv-jump-v3",
            "floating_ip": null,
            "force_delete": false,
            "id": "4236890f-212a-47a2-bbec-c3130efee77f",
            "image_id": "fd2ce475-5d1a-45f3-bd49-603332c748c6",
            "image_name": "ubuntu-jammy",
            "key_pair": "gblow-qserv",
            "metadata": null,
            "name": "sv-qserv-jump",
            "network": [
              {
                "access_network": false,
                "fixed_ip_v4": "10.71.0.212",
                "fixed_ip_v6": "",
                "floating_ip": "",
                "mac": "fa:16:3e:ae:77:59",
                "name": "qserv",
                "port": "",
                "uuid": "3c7b83ed-b695-4d08-b8bf-7a3ef24a0cb7"
              }
            ],
            "network_mode": null,
            "personality": [],
            "power_state": "active",
            "region": "RegionOne",
            "scheduler_hints": [],
            "security_groups": [
              "qserv-jump-sg",
              "qserv-kube-sg"
            ],
            "stop_before_destroy": false,
            "tags": [],
            "timeouts": null,
            "updated": "2023-04-19 14:57:08 +0000 UTC",
            "user_data": null,
            "vendor_options": [],
            "volume": []
          },
          "sensitive_attributes": [],
          "private": "eyJlMmJmYjczMC1lY2FhLTExZTYtOGY4OC0zNDM2M2JjN2M0YzAiOnsiY3JlYXRlIjoxODAwMDAwMDAwMDAwLCJkZWxldGUiOjE4MDAwMDAwMDAwMDAsInVwZGF0ZSI6MTgwMDAwMDAwMDAwMH19",
          "dependencies": [
            "data.openstack_compute_flavor_v2.jump-flavor",
            "data.openstack_images_image_v2.image"
          ]
        }
      ]
    },
    {
      "mode": "managed",
      "type": "openstack_compute_instance_v2",
      "name": "utility",
      "provider": "provider[\"registry.terraform.io/terraform-provider-openstack/openstack\"]",
      "instances": [
        {
          "index_key": 0,
          "schema_version": 0,
          "attributes": {
            "access_ip_v4": "10.71.0.12",
            "access_ip_v6": "",
            "admin_pass": null,
            "all_metadata": {},
            "all_tags": [],
            "availability_zone": "nova",
            "availability_zone_hints": "nova",
            "block_device": [],
            "config_drive": null,
            "created": "2023-04-19 14:56:59 +0000 UTC",
            "flavor_id": "49fe5109-5bf5-436a-bebc-191bbddc5dd4",
            "flavor_name": "qserv-utility-v3",
            "floating_ip": null,
            "force_delete": false,
            "id": "43b32f1c-bd9a-4026-9f73-08aa8475be00",
            "image_id": "fd2ce475-5d1a-45f3-bd49-603332c748c6",
            "image_name": "ubuntu-jammy",
            "key_pair": "gblow-qserv",
            "metadata": null,
            "name": "sv-qserv-utility-1",
            "network": [
              {
                "access_network": false,
                "fixed_ip_v4": "10.71.0.12",
                "fixed_ip_v6": "",
                "floating_ip": "",
                "mac": "fa:16:3e:44:7c:e3",
                "name": "qserv",
                "port": "",
                "uuid": "3c7b83ed-b695-4d08-b8bf-7a3ef24a0cb7"
              }
            ],
            "network_mode": null,
            "personality": [],
            "power_state": "active",
            "region": "RegionOne",
            "scheduler_hints": [],
            "security_groups": [
              "qserv-kube-sg"
            ],
            "stop_before_destroy": false,
            "tags": [],
            "timeouts": null,
            "updated": "2023-04-19 14:57:09 +0000 UTC",
            "user_data": null,
            "vendor_options": [],
            "volume": []
          },
          "sensitive_attributes": [],
          "private": "eyJlMmJmYjczMC1lY2FhLTExZTYtOGY4OC0zNDM2M2JjN2M0YzAiOnsiY3JlYXRlIjoxODAwMDAwMDAwMDAwLCJkZWxldGUiOjE4MDAwMDAwMDAwMDAsInVwZGF0ZSI6MTgwMDAwMDAwMDAwMH19",
          "dependencies": [
            "data.openstack_compute_flavor_v2.utility-flavor",
            "data.openstack_images_image_v2.image"
          ]
        },
        {
          "index_key": 1,
          "schema_version": 0,
          "attributes": {
            "access_ip_v4": "10.71.0.236",
            "access_ip_v6": "",
            "admin_pass": null,
            "all_metadata": {},
            "all_tags": [],
            "availability_zone": "nova",
            "availability_zone_hints": "nova",
            "block_device": [],
            "config_drive": null,
            "created": "2023-04-19 14:56:59 +0000 UTC",
            "flavor_id": "49fe5109-5bf5-436a-bebc-191bbddc5dd4",
            "flavor_name": "qserv-utility-v3",
            "floating_ip": null,
            "force_delete": false,
            "id": "18863d01-36e1-4e17-8957-f2ca661155f7",
            "image_id": "fd2ce475-5d1a-45f3-bd49-603332c748c6",
            "image_name": "ubuntu-jammy",
            "key_pair": "gblow-qserv",
            "metadata": null,
            "name": "sv-qserv-utility-2",
            "network": [
              {
                "access_network": false,
                "fixed_ip_v4": "10.71.0.236",
                "fixed_ip_v6": "",
                "floating_ip": "",
                "mac": "fa:16:3e:57:aa:04",
                "name": "qserv",
                "port": "",
                "uuid": "3c7b83ed-b695-4d08-b8bf-7a3ef24a0cb7"
              }
            ],
            "network_mode": null,
            "personality": [],
            "power_state": "active",
            "region": "RegionOne",
            "scheduler_hints": [],
            "security_groups": [
              "qserv-kube-sg"
            ],
            "stop_before_destroy": false,
            "tags": [],
            "timeouts": null,
            "updated": "2023-04-19 14:57:09 +0000 UTC",
            "user_data": null,
            "vendor_options": [],
            "volume": []
          },
          "sensitive_attributes": [],
          "private": "eyJlMmJmYjczMC1lY2FhLTExZTYtOGY4OC0zNDM2M2JjN2M0YzAiOnsiY3JlYXRlIjoxODAwMDAwMDAwMDAwLCJkZWxldGUiOjE4MDAwMDAwMDAwMDAsInVwZGF0ZSI6MTgwMDAwMDAwMDAwMH19",
          "dependencies": [
            "data.openstack_compute_flavor_v2.utility-flavor",
            "data.openstack_images_image_v2.image"
          ]
        }
      ]
    },
    {
      "mode": "managed",
      "type": "openstack_compute_instance_v2",
      "name": "worker",
      "provider": "provider[\"registry.terraform.io/terraform-provider-openstack/openstack\"]",
      "instances": [
        {
          "index_key": 0,
          "schema_version": 0,
          "attributes": {
            "access_ip_v4": "10.71.0.89",
            "access_ip_v6": "",
            "admin_pass": null,
            "all_metadata": {},
            "all_tags": [],
            "availability_zone": "nova",
            "availability_zone_hints": "nova",
            "block_device": [],
            "config_drive": null,
            "created": "2023-04-19 14:57:09 +0000 UTC",
            "flavor_id": "2a7c3fe8-cc76-4af4-a598-714c1c463b48",
            "flavor_name": "qserv-worker-v3",
            "floating_ip": null,
            "force_delete": false,
            "id": "8b392c08-7952-4f68-a62d-7a3524cd14d1",
            "image_id": "fd2ce475-5d1a-45f3-bd49-603332c748c6",
            "image_name": "ubuntu-jammy",
            "key_pair": "gblow-qserv",
            "metadata": null,
            "name": "sv-qserv-worker-1",
            "network": [
              {
                "access_network": false,
                "fixed_ip_v4": "10.71.0.89",
                "fixed_ip_v6": "",
                "floating_ip": "",
                "mac": "fa:16:3e:88:ec:2e",
                "name": "qserv",
                "port": "",
                "uuid": "3c7b83ed-b695-4d08-b8bf-7a3ef24a0cb7"
              }
            ],
            "network_mode": null,
            "personality": [],
            "power_state": "active",
            "region": "RegionOne",
            "scheduler_hints": [],
            "security_groups": [
              "qserv-kube-sg"
            ],
            "stop_before_destroy": false,
            "tags": [],
            "timeouts": null,
            "updated": "2023-04-19 14:57:16 +0000 UTC",
            "user_data": null,
            "vendor_options": [],
            "volume": []
          },
          "sensitive_attributes": [],
          "private": "eyJlMmJmYjczMC1lY2FhLTExZTYtOGY4OC0zNDM2M2JjN2M0YzAiOnsiY3JlYXRlIjoxODAwMDAwMDAwMDAwLCJkZWxldGUiOjE4MDAwMDAwMDAwMDAsInVwZGF0ZSI6MTgwMDAwMDAwMDAwMH19",
          "dependencies": [
            "data.openstack_compute_flavor_v2.worker-flavor",
            "data.openstack_images_image_v2.image"
          ]
        },
        {
          "index_key": 1,
          "schema_version": 0,
          "attributes": {
            "access_ip_v4": "10.71.0.22",
            "access_ip_v6": "",
            "admin_pass": null,
            "all_metadata": {},
            "all_tags": [],
            "availability_zone": "nova",
            "availability_zone_hints": "nova",
            "block_device": [],
            "config_drive": null,
            "created": "2023-04-19 14:57:08 +0000 UTC",
            "flavor_id": "2a7c3fe8-cc76-4af4-a598-714c1c463b48",
            "flavor_name": "qserv-worker-v3",
            "floating_ip": null,
            "force_delete": false,
            "id": "ca0061d0-3b14-4463-b8bb-35a4dd12da33",
            "image_id": "fd2ce475-5d1a-45f3-bd49-603332c748c6",
            "image_name": "ubuntu-jammy",
            "key_pair": "gblow-qserv",
            "metadata": null,
            "name": "sv-qserv-worker-2",
            "network": [
              {
                "access_network": false,
                "fixed_ip_v4": "10.71.0.22",
                "fixed_ip_v6": "",
                "floating_ip": "",
                "mac": "fa:16:3e:30:c7:92",
                "name": "qserv",
                "port": "",
                "uuid": "3c7b83ed-b695-4d08-b8bf-7a3ef24a0cb7"
              }
            ],
            "network_mode": null,
            "personality": [],
            "power_state": "active",
            "region": "RegionOne",
            "scheduler_hints": [],
            "security_groups": [
              "qserv-kube-sg"
            ],
            "stop_before_destroy": false,
            "tags": [],
            "timeouts": null,
            "updated": "2023-04-19 14:57:16 +0000 UTC",
            "user_data": null,
            "vendor_options": [],
            "volume": []
          },
          "sensitive_attributes": [],
          "private": "eyJlMmJmYjczMC1lY2FhLTExZTYtOGY4OC0zNDM2M2JjN2M0YzAiOnsiY3JlYXRlIjoxODAwMDAwMDAwMDAwLCJkZWxldGUiOjE4MDAwMDAwMDAwMDAsInVwZGF0ZSI6MTgwMDAwMDAwMDAwMH19",
          "dependencies": [
            "data.openstack_compute_flavor_v2.worker-flavor",
            "data.openstack_images_image_v2.image"
          ]
        },
        {
          "index_key": 2,
          "schema_version": 0,
          "attributes": {
            "access_ip_v4": "10.71.0.16",
            "access_ip_v6": "",
            "admin_pass": null,
            "all_metadata": {},
            "all_tags": [],
            "availability_zone": "nova",
            "availability_zone_hints": "nova",
            "block_device": [],
            "config_drive": null,
            "created": "2023-04-19 14:56:58 +0000 UTC",
            "flavor_id": "2a7c3fe8-cc76-4af4-a598-714c1c463b48",
            "flavor_name": "qserv-worker-v3",
            "floating_ip": null,
            "force_delete": false,
            "id": "fa9a3b1c-90f1-4374-af34-f6a4e0137a3e",
            "image_id": "fd2ce475-5d1a-45f3-bd49-603332c748c6",
            "image_name": "ubuntu-jammy",
            "key_pair": "gblow-qserv",
            "metadata": null,
            "name": "sv-qserv-worker-3",
            "network": [
              {
                "access_network": false,
                "fixed_ip_v4": "10.71.0.16",
                "fixed_ip_v6": "",
                "floating_ip": "",
                "mac": "fa:16:3e:7c:26:3f",
                "name": "qserv",
                "port": "",
                "uuid": "3c7b83ed-b695-4d08-b8bf-7a3ef24a0cb7"
              }
            ],
            "network_mode": null,
            "personality": [],
            "power_state": "active",
            "region": "RegionOne",
            "scheduler_hints": [],
            "security_groups": [
              "qserv-kube-sg"
            ],
            "stop_before_destroy": false,
            "tags": [],
            "timeouts": null,
            "updated": "2023-04-19 14:57:08 +0000 UTC",
            "user_data": null,
            "vendor_options": [],
            "volume": []
          },
          "sensitive_attributes": [],
          "private": "eyJlMmJmYjczMC1lY2FhLTExZTYtOGY4OC0zNDM2M2JjN2M0YzAiOnsiY3JlYXRlIjoxODAwMDAwMDAwMDAwLCJkZWxldGUiOjE4MDAwMDAwMDAwMDAsInVwZGF0ZSI6MTgwMDAwMDAwMDAwMH19",
          "dependencies": [
            "data.openstack_compute_flavor_v2.worker-flavor",
            "data.openstack_images_image_v2.image"
          ]
        }
      ]
    },
    {
      "mode": "managed",
      "type": "openstack_compute_volume_attach_v2",
      "name": "czar_vol_attach",
      "provider": "provider[\"registry.terraform.io/terraform-provider-openstack/openstack\"]",
      "instances": [
        {
          "schema_version": 0,
          "attributes": {
            "device": "/dev/vdb",
            "id": "72d7dc73-008e-4e69-815a-ab896ca97378/2a4e55a1-f179-41b1-a06b-79382f13a26e",
            "instance_id": "72d7dc73-008e-4e69-815a-ab896ca97378",
            "multiattach": null,
            "region": "RegionOne",
            "timeouts": null,
            "vendor_options": [],
            "volume_id": "2a4e55a1-f179-41b1-a06b-79382f13a26e"
          },
          "sensitive_attributes": [],
          "private": "eyJlMmJmYjczMC1lY2FhLTExZTYtOGY4OC0zNDM2M2JjN2M0YzAiOnsiY3JlYXRlIjo2MDAwMDAwMDAwMDAsImRlbGV0ZSI6NjAwMDAwMDAwMDAwfX0=",
          "dependencies": [
            "data.openstack_compute_flavor_v2.czar-flavor",
            "data.openstack_images_image_v2.image",
            "openstack_blockstorage_volume_v3.czar-vol",
            "openstack_compute_instance_v2.czar"
          ]
        }
      ]
    },
    {
      "mode": "managed",
      "type": "openstack_compute_volume_attach_v2",
      "name": "utility_vol_attach",
      "provider": "provider[\"registry.terraform.io/terraform-provider-openstack/openstack\"]",
      "instances": [
        {
          "index_key": 0,
          "schema_version": 0,
          "attributes": {
            "device": "/dev/vdb",
            "id": "43b32f1c-bd9a-4026-9f73-08aa8475be00/8c5d353a-3701-4e00-adcf-b4b08e97a455",
            "instance_id": "43b32f1c-bd9a-4026-9f73-08aa8475be00",
            "multiattach": null,
            "region": "RegionOne",
            "timeouts": null,
            "vendor_options": [],
            "volume_id": "8c5d353a-3701-4e00-adcf-b4b08e97a455"
          },
          "sensitive_attributes": [],
          "private": "eyJlMmJmYjczMC1lY2FhLTExZTYtOGY4OC0zNDM2M2JjN2M0YzAiOnsiY3JlYXRlIjo2MDAwMDAwMDAwMDAsImRlbGV0ZSI6NjAwMDAwMDAwMDAwfX0=",
          "dependencies": [
            "data.openstack_compute_flavor_v2.utility-flavor",
            "data.openstack_images_image_v2.image",
            "openstack_blockstorage_volume_v3.utility-vol",
            "openstack_compute_instance_v2.utility"
          ]
        },
        {
          "index_key": 1,
          "schema_version": 0,
          "attributes": {
            "device": "/dev/vdb",
            "id": "18863d01-36e1-4e17-8957-f2ca661155f7/0e8c6e8a-8fdd-40a5-88b0-8b30d07f92b4",
            "instance_id": "18863d01-36e1-4e17-8957-f2ca661155f7",
            "multiattach": null,
            "region": "RegionOne",
            "timeouts": null,
            "vendor_options": [],
            "volume_id": "0e8c6e8a-8fdd-40a5-88b0-8b30d07f92b4"
          },
          "sensitive_attributes": [],
          "private": "eyJlMmJmYjczMC1lY2FhLTExZTYtOGY4OC0zNDM2M2JjN2M0YzAiOnsiY3JlYXRlIjo2MDAwMDAwMDAwMDAsImRlbGV0ZSI6NjAwMDAwMDAwMDAwfX0=",
          "dependencies": [
            "data.openstack_compute_flavor_v2.utility-flavor",
            "data.openstack_images_image_v2.image",
            "openstack_blockstorage_volume_v3.utility-vol",
            "openstack_compute_instance_v2.utility"
          ]
        }
      ]
    },
    {
      "mode": "managed",
      "type": "openstack_compute_volume_attach_v2",
      "name": "worker_vol_attach",
      "provider": "provider[\"registry.terraform.io/terraform-provider-openstack/openstack\"]",
      "instances": [
        {
          "index_key": 0,
          "schema_version": 0,
          "attributes": {
            "device": "/dev/vdb",
            "id": "8b392c08-7952-4f68-a62d-7a3524cd14d1/0d2ef509-b26e-441a-8ff1-10e7886c0b26",
            "instance_id": "8b392c08-7952-4f68-a62d-7a3524cd14d1",
            "multiattach": null,
            "region": "RegionOne",
            "timeouts": null,
            "vendor_options": [],
            "volume_id": "0d2ef509-b26e-441a-8ff1-10e7886c0b26"
          },
          "sensitive_attributes": [],
          "private": "eyJlMmJmYjczMC1lY2FhLTExZTYtOGY4OC0zNDM2M2JjN2M0YzAiOnsiY3JlYXRlIjo2MDAwMDAwMDAwMDAsImRlbGV0ZSI6NjAwMDAwMDAwMDAwfX0=",
          "dependencies": [
            "data.openstack_compute_flavor_v2.worker-flavor",
            "data.openstack_images_image_v2.image",
            "openstack_blockstorage_volume_v3.worker-vol",
            "openstack_compute_instance_v2.worker"
          ]
        },
        {
          "index_key": 1,
          "schema_version": 0,
          "attributes": {
            "device": "/dev/vdb",
            "id": "ca0061d0-3b14-4463-b8bb-35a4dd12da33/9e5e11a0-2c4c-4a99-948c-c43b06a367af",
            "instance_id": "ca0061d0-3b14-4463-b8bb-35a4dd12da33",
            "multiattach": null,
            "region": "RegionOne",
            "timeouts": null,
            "vendor_options": [],
            "volume_id": "9e5e11a0-2c4c-4a99-948c-c43b06a367af"
          },
          "sensitive_attributes": [],
          "private": "eyJlMmJmYjczMC1lY2FhLTExZTYtOGY4OC0zNDM2M2JjN2M0YzAiOnsiY3JlYXRlIjo2MDAwMDAwMDAwMDAsImRlbGV0ZSI6NjAwMDAwMDAwMDAwfX0=",
          "dependencies": [
            "data.openstack_compute_flavor_v2.worker-flavor",
            "data.openstack_images_image_v2.image",
            "openstack_blockstorage_volume_v3.worker-vol",
            "openstack_compute_instance_v2.worker"
          ]
        },
        {
          "index_key": 2,
          "schema_version": 0,
          "attributes": {
            "device": "/dev/vdb",
            "id": "fa9a3b1c-90f1-4374-af34-f6a4e0137a3e/4528090a-a9bf-4e10-9190-04ccb37994c1",
            "instance_id": "fa9a3b1c-90f1-4374-af34-f6a4e0137a3e",
            "multiattach": null,
            "region": "RegionOne",
            "timeouts": null,
            "vendor_options": [],
            "volume_id": "4528090a-a9bf-4e10-9190-04ccb37994c1"
          },
          "sensitive_attributes": [],
          "private": "eyJlMmJmYjczMC1lY2FhLTExZTYtOGY4OC0zNDM2M2JjN2M0YzAiOnsiY3JlYXRlIjo2MDAwMDAwMDAwMDAsImRlbGV0ZSI6NjAwMDAwMDAwMDAwfX0=",
          "dependencies": [
            "data.openstack_compute_flavor_v2.worker-flavor",
            "data.openstack_images_image_v2.image",
            "openstack_blockstorage_volume_v3.worker-vol",
            "openstack_compute_instance_v2.worker"
          ]
        }
      ]
    },
    {
      "mode": "managed",
      "type": "openstack_networking_floatingip_v2",
      "name": "jump",
      "provider": "provider[\"registry.terraform.io/terraform-provider-openstack/openstack\"]",
      "instances": [
        {
          "schema_version": 0,
          "attributes": {
            "address": "192.41.122.210",
            "all_tags": [],
            "description": "",
            "dns_domain": "",
            "dns_name": "",
            "fixed_ip": "",
            "id": "667de7ba-72d5-4acd-9532-ca324f7683ed",
            "pool": "external",
            "port_id": "",
            "region": "RegionOne",
            "subnet_id": null,
            "subnet_ids": null,
            "tags": null,
            "tenant_id": "9168c636eaec419f807c46f1454e87a9",
            "timeouts": null,
            "value_specs": null
          },
          "sensitive_attributes": [],
          "private": "eyJlMmJmYjczMC1lY2FhLTExZTYtOGY4OC0zNDM2M2JjN2M0YzAiOnsiY3JlYXRlIjo2MDAwMDAwMDAwMDAsImRlbGV0ZSI6NjAwMDAwMDAwMDAwfX0="
        }
      ]
    }
  ],
  "check_results": null
}
