{
  "version": 4,
  "terraform_version": "1.4.5",
  "serial": 122,
  "lineage": "4ce338b4-c13f-af04-9fc2-3cb7eff2ce3b",
  "outputs": {
    "czarserverip": {
      "value": "10.71.0.127",
      "type": "string"
    },
    "jumpserverfloatingip": {
      "value": "192.41.122.91",
      "type": "string"
    }
  },
  "resources": [
    {
      "mode": "data",
      "type": "openstack_compute_flavor_v2",
      "name": "czar-flavor",
      "provider": "provider[\"registry.terraform.io/terraform-provider-openstack/openstack\"]",
      "instances": [
        {
          "schema_version": 0,
          "attributes": {
            "description": "",
            "disk": 50,
            "extra_specs": {},
            "flavor_id": "d2fa877e-e7be-4206-9445-ce2a5ecfa914",
            "id": "d2fa877e-e7be-4206-9445-ce2a5ecfa914",
            "is_public": false,
            "min_disk": null,
            "min_ram": null,
            "name": "qserv-czar-v3",
            "ram": 131072,
            "region": null,
            "rx_tx_factor": 1,
            "swap": 0,
            "vcpus": 32
          },
          "sensitive_attributes": []
        }
      ]
    },
    {
      "mode": "data",
      "type": "openstack_compute_flavor_v2",
      "name": "jump-flavor",
      "provider": "provider[\"registry.terraform.io/terraform-provider-openstack/openstack\"]",
      "instances": [
        {
          "schema_version": 0,
          "attributes": {
            "description": "",
            "disk": 50,
            "extra_specs": {},
            "flavor_id": "34c9e790-5708-4b3c-ae97-c30201b09c3f",
            "id": "34c9e790-5708-4b3c-ae97-c30201b09c3f",
            "is_public": false,
            "min_disk": null,
            "min_ram": null,
            "name": "qserv-jump-v3",
            "ram": 16384,
            "region": null,
            "rx_tx_factor": 1,
            "swap": 0,
            "vcpus": 4
          },
          "sensitive_attributes": []
        }
      ]
    },
    {
      "mode": "data",
      "type": "openstack_compute_flavor_v2",
      "name": "utility-flavor",
      "provider": "provider[\"registry.terraform.io/terraform-provider-openstack/openstack\"]",
      "instances": [
        {
          "schema_version": 0,
          "attributes": {
            "description": "",
            "disk": 50,
            "extra_specs": {},
            "flavor_id": "49fe5109-5bf5-436a-bebc-191bbddc5dd4",
            "id": "49fe5109-5bf5-436a-bebc-191bbddc5dd4",
            "is_public": false,
            "min_disk": null,
            "min_ram": null,
            "name": "qserv-utility-v3",
            "ram": 131072,
            "region": null,
            "rx_tx_factor": 1,
            "swap": 0,
            "vcpus": 32
          },
          "sensitive_attributes": []
        }
      ]
    },
    {
      "mode": "data",
      "type": "openstack_compute_flavor_v2",
      "name": "worker-flavor",
      "provider": "provider[\"registry.terraform.io/terraform-provider-openstack/openstack\"]",
      "instances": [
        {
          "schema_version": 0,
          "attributes": {
            "description": "",
            "disk": 50,
            "extra_specs": {},
            "flavor_id": "cf763fcc-712e-4ab6-9bf0-5811a1be8dae",
            "id": "cf763fcc-712e-4ab6-9bf0-5811a1be8dae",
            "is_public": false,
            "min_disk": null,
            "min_ram": null,
            "name": "qserv-worker-v4",
            "ram": 131072,
            "region": null,
            "rx_tx_factor": 1,
            "swap": 0,
            "vcpus": 32
          },
          "sensitive_attributes": []
        }
      ]
    },
    {
      "mode": "data",
      "type": "openstack_images_image_v2",
      "name": "image",
      "provider": "provider[\"registry.terraform.io/terraform-provider-openstack/openstack\"]",
      "instances": [
        {
          "schema_version": 0,
          "attributes": {
            "checksum": "b69cbf0ceab5f7ef7d900c377552f366",
            "container_format": "bare",
            "created_at": "2022-06-29T08:17:01Z",
            "disk_format": "raw",
            "file": "/v2/images/fd2ce475-5d1a-45f3-bd49-603332c748c6/file",
            "hidden": false,
            "id": "fd2ce475-5d1a-45f3-bd49-603332c748c6",
            "member_status": null,
            "metadata": {},
            "min_disk_gb": 0,
            "min_ram_mb": 0,
            "most_recent": true,
            "name": "ubuntu-jammy",
            "name_regex": null,
            "owner": "ff3e2de6a0b844d581bcd4335c18d2a4",
            "properties": {
              "os_hash_algo": "sha512",
              "os_hash_value": "b980a9139609b08b521ab6f79be7e5cb8e036701d4d0489ba68d19d65664a0c69a6387bfffcc0f2bc1808944004f7fb74151722b1788b2be63910316d07b6015",
              "owner_specified.openstack.md5": "",
              "owner_specified.openstack.object": "images/ubuntu-jammy",
              "owner_specified.openstack.sha256": "",
              "stores": "rbd"
            },
            "protected": false,
            "region": "RegionOne",
            "schema": "/v2/schemas/image",
            "size_bytes": 2361393152,
            "size_max": null,
            "size_min": null,
            "sort_direction": "asc",
            "sort_key": "name",
            "tag": null,
            "tags": [],
            "updated_at": "2022-06-29T08:17:42Z",
            "visibility": "public"
          },
          "sensitive_attributes": []
        }
      ]
    },
    {
      "mode": "managed",
      "type": "local_file",
      "name": "ansible_hosts",
      "provider": "provider[\"registry.terraform.io/hashicorp/local\"]",
      "instances": []
    },
    {
      "mode": "managed",
      "type": "local_file",
      "name": "ssh_config",
      "provider": "provider[\"registry.terraform.io/hashicorp/local\"]",
      "instances": []
    },
    {
      "mode": "managed",
      "type": "openstack_blockstorage_volume_v3",
      "name": "czar-vol",
      "provider": "provider[\"registry.terraform.io/terraform-provider-openstack/openstack\"]",
      "instances": [
        {
          "schema_version": 0,
          "attributes": {
            "attachment": [],
            "availability_zone": "nova",
            "consistency_group_id": null,
            "description": "",
            "enable_online_resize": null,
            "id": "87cacdf8-c376-4eb6-8819-4136b02f5029",
            "image_id": null,
            "metadata": {},
            "multiattach": null,
            "name": "czar-vol",
            "region": "RegionOne",
            "scheduler_hints": [],
            "size": 5000,
            "snapshot_id": "",
            "source_replica": null,
            "source_vol_id": "",
            "timeouts": null,
            "volume_type": "ceph-ssd"
          },
          "sensitive_attributes": [],
          "private": "eyJlMmJmYjczMC1lY2FhLTExZTYtOGY4OC0zNDM2M2JjN2M0YzAiOnsiY3JlYXRlIjo2MDAwMDAwMDAwMDAsImRlbGV0ZSI6NjAwMDAwMDAwMDAwfX0="
        }
      ]
    },
    {
      "mode": "managed",
      "type": "openstack_blockstorage_volume_v3",
      "name": "utility-vol",
      "provider": "provider[\"registry.terraform.io/terraform-provider-openstack/openstack\"]",
      "instances": [
        {
          "index_key": 0,
          "schema_version": 0,
          "attributes": {
            "attachment": [],
            "availability_zone": "nova",
            "consistency_group_id": null,
            "description": "",
            "enable_online_resize": null,
            "id": "7aeb0212-ef34-4e6c-9e85-eddcba5d7f2a",
            "image_id": null,
            "metadata": {},
            "multiattach": null,
            "name": "utility-vol1",
            "region": "RegionOne",
            "scheduler_hints": [],
            "size": 5000,
            "snapshot_id": "",
            "source_replica": null,
            "source_vol_id": "",
            "timeouts": null,
            "volume_type": "ceph-ssd"
          },
          "sensitive_attributes": [],
          "private": "eyJlMmJmYjczMC1lY2FhLTExZTYtOGY4OC0zNDM2M2JjN2M0YzAiOnsiY3JlYXRlIjo2MDAwMDAwMDAwMDAsImRlbGV0ZSI6NjAwMDAwMDAwMDAwfX0="
        },
        {
          "index_key": 1,
          "schema_version": 0,
          "attributes": {
            "attachment": [],
            "availability_zone": "nova",
            "consistency_group_id": null,
            "description": "",
            "enable_online_resize": null,
            "id": "3c0692be-e01e-4031-ad13-f4efa09f5fc2",
            "image_id": null,
            "metadata": {},
            "multiattach": null,
            "name": "utility-vol2",
            "region": "RegionOne",
            "scheduler_hints": [],
            "size": 5000,
            "snapshot_id": "",
            "source_replica": null,
            "source_vol_id": "",
            "timeouts": null,
            "volume_type": "ceph-ssd"
          },
          "sensitive_attributes": [],
          "private": "eyJlMmJmYjczMC1lY2FhLTExZTYtOGY4OC0zNDM2M2JjN2M0YzAiOnsiY3JlYXRlIjo2MDAwMDAwMDAwMDAsImRlbGV0ZSI6NjAwMDAwMDAwMDAwfX0="
        }
      ]
    },
    {
      "mode": "managed",
      "type": "openstack_blockstorage_volume_v3",
      "name": "worker-vol",
      "provider": "provider[\"registry.terraform.io/terraform-provider-openstack/openstack\"]",
      "instances": [
        {
          "index_key": 0,
          "schema_version": 0,
          "attributes": {
            "attachment": [],
            "availability_zone": "nova",
            "consistency_group_id": null,
            "description": "",
            "enable_online_resize": null,
            "id": "362bdcfd-624b-4f36-b4c5-823432bfb007",
            "image_id": null,
            "metadata": {},
            "multiattach": null,
            "name": "worker-vol1",
            "region": "RegionOne",
            "scheduler_hints": [],
            "size": 10000,
            "snapshot_id": "",
            "source_replica": null,
            "source_vol_id": "",
            "timeouts": null,
            "volume_type": "ceph-ssd"
          },
          "sensitive_attributes": [],
          "private": "eyJlMmJmYjczMC1lY2FhLTExZTYtOGY4OC0zNDM2M2JjN2M0YzAiOnsiY3JlYXRlIjo2MDAwMDAwMDAwMDAsImRlbGV0ZSI6NjAwMDAwMDAwMDAwfX0="
        },
        {
          "index_key": 1,
          "schema_version": 0,
          "attributes": {
            "attachment": [],
            "availability_zone": "nova",
            "consistency_group_id": null,
            "description": "",
            "enable_online_resize": null,
            "id": "610424e6-b0ec-4a76-9b65-300a041b756f",
            "image_id": null,
            "metadata": {},
            "multiattach": null,
            "name": "worker-vol2",
            "region": "RegionOne",
            "scheduler_hints": [],
            "size": 10000,
            "snapshot_id": "",
            "source_replica": null,
            "source_vol_id": "",
            "timeouts": null,
            "volume_type": "ceph-ssd"
          },
          "sensitive_attributes": [],
          "private": "eyJlMmJmYjczMC1lY2FhLTExZTYtOGY4OC0zNDM2M2JjN2M0YzAiOnsiY3JlYXRlIjo2MDAwMDAwMDAwMDAsImRlbGV0ZSI6NjAwMDAwMDAwMDAwfX0="
        },
        {
          "index_key": 2,
          "schema_version": 0,
          "attributes": {
            "attachment": [],
            "availability_zone": "nova",
            "consistency_group_id": null,
            "description": "",
            "enable_online_resize": null,
            "id": "00bb658f-0765-4832-92d6-170ed172a373",
            "image_id": null,
            "metadata": {},
            "multiattach": null,
            "name": "worker-vol3",
            "region": "RegionOne",
            "scheduler_hints": [],
            "size": 10000,
            "snapshot_id": "",
            "source_replica": null,
            "source_vol_id": "",
            "timeouts": null,
            "volume_type": "ceph-ssd"
          },
          "sensitive_attributes": [],
          "private": "eyJlMmJmYjczMC1lY2FhLTExZTYtOGY4OC0zNDM2M2JjN2M0YzAiOnsiY3JlYXRlIjo2MDAwMDAwMDAwMDAsImRlbGV0ZSI6NjAwMDAwMDAwMDAwfX0="
        },
        {
          "index_key": 3,
          "schema_version": 0,
          "attributes": {
            "attachment": [],
            "availability_zone": "nova",
            "consistency_group_id": null,
            "description": "",
            "enable_online_resize": null,
            "id": "e12b2927-9b73-4fce-95be-04f60241d9d6",
            "image_id": null,
            "metadata": {},
            "multiattach": null,
            "name": "worker-vol4",
            "region": "RegionOne",
            "scheduler_hints": [],
            "size": 10000,
            "snapshot_id": "",
            "source_replica": null,
            "source_vol_id": "",
            "timeouts": null,
            "volume_type": "ceph-ssd"
          },
          "sensitive_attributes": [],
          "private": "eyJlMmJmYjczMC1lY2FhLTExZTYtOGY4OC0zNDM2M2JjN2M0YzAiOnsiY3JlYXRlIjo2MDAwMDAwMDAwMDAsImRlbGV0ZSI6NjAwMDAwMDAwMDAwfX0="
        },
        {
          "index_key": 4,
          "schema_version": 0,
          "attributes": {
            "attachment": [],
            "availability_zone": "nova",
            "consistency_group_id": null,
            "description": "",
            "enable_online_resize": null,
            "id": "1109f88e-2d50-4963-bf49-0b74e06e1ba8",
            "image_id": null,
            "metadata": {},
            "multiattach": null,
            "name": "worker-vol5",
            "region": "RegionOne",
            "scheduler_hints": [],
            "size": 10000,
            "snapshot_id": "",
            "source_replica": null,
            "source_vol_id": "",
            "timeouts": null,
            "volume_type": "ceph-ssd"
          },
          "sensitive_attributes": [],
          "private": "eyJlMmJmYjczMC1lY2FhLTExZTYtOGY4OC0zNDM2M2JjN2M0YzAiOnsiY3JlYXRlIjo2MDAwMDAwMDAwMDAsImRlbGV0ZSI6NjAwMDAwMDAwMDAwfX0="
        },
        {
          "index_key": 5,
          "schema_version": 0,
          "attributes": {
            "attachment": [],
            "availability_zone": "nova",
            "consistency_group_id": null,
            "description": "",
            "enable_online_resize": null,
            "id": "03e66339-a020-48b0-8535-2f67db7b6b7e",
            "image_id": null,
            "metadata": {},
            "multiattach": null,
            "name": "worker-vol6",
            "region": "RegionOne",
            "scheduler_hints": [],
            "size": 10000,
            "snapshot_id": "",
            "source_replica": null,
            "source_vol_id": "",
            "timeouts": null,
            "volume_type": "ceph-ssd"
          },
          "sensitive_attributes": [],
          "private": "eyJlMmJmYjczMC1lY2FhLTExZTYtOGY4OC0zNDM2M2JjN2M0YzAiOnsiY3JlYXRlIjo2MDAwMDAwMDAwMDAsImRlbGV0ZSI6NjAwMDAwMDAwMDAwfX0="
        },
        {
          "index_key": 6,
          "schema_version": 0,
          "attributes": {
            "attachment": [],
            "availability_zone": "nova",
            "consistency_group_id": null,
            "description": "",
            "enable_online_resize": null,
            "id": "a6cc991c-a0e8-4a3f-8b3d-b49e79e8ebfb",
            "image_id": null,
            "metadata": {},
            "multiattach": null,
            "name": "worker-vol7",
            "region": "RegionOne",
            "scheduler_hints": [],
            "size": 10000,
            "snapshot_id": "",
            "source_replica": null,
            "source_vol_id": "",
            "timeouts": null,
            "volume_type": "ceph-ssd"
          },
          "sensitive_attributes": [],
          "private": "eyJlMmJmYjczMC1lY2FhLTExZTYtOGY4OC0zNDM2M2JjN2M0YzAiOnsiY3JlYXRlIjo2MDAwMDAwMDAwMDAsImRlbGV0ZSI6NjAwMDAwMDAwMDAwfX0="
        },
        {
          "index_key": 7,
          "schema_version": 0,
          "attributes": {
            "attachment": [],
            "availability_zone": "nova",
            "consistency_group_id": null,
            "description": "",
            "enable_online_resize": null,
            "id": "bb6306f2-4e33-4869-9a51-4775a4e731b9",
            "image_id": null,
            "metadata": {},
            "multiattach": null,
            "name": "worker-vol8",
            "region": "RegionOne",
            "scheduler_hints": [],
            "size": 10000,
            "snapshot_id": "",
            "source_replica": null,
            "source_vol_id": "",
            "timeouts": null,
            "volume_type": "ceph-ssd"
          },
          "sensitive_attributes": [],
          "private": "eyJlMmJmYjczMC1lY2FhLTExZTYtOGY4OC0zNDM2M2JjN2M0YzAiOnsiY3JlYXRlIjo2MDAwMDAwMDAwMDAsImRlbGV0ZSI6NjAwMDAwMDAwMDAwfX0="
        },
        {
          "index_key": 8,
          "schema_version": 0,
          "attributes": {
            "attachment": [],
            "availability_zone": "nova",
            "consistency_group_id": null,
            "description": "",
            "enable_online_resize": null,
            "id": "0a232684-2613-46ad-b8e5-eca62208033e",
            "image_id": null,
            "metadata": {},
            "multiattach": null,
            "name": "worker-vol9",
            "region": "RegionOne",
            "scheduler_hints": [],
            "size": 10000,
            "snapshot_id": "",
            "source_replica": null,
            "source_vol_id": "",
            "timeouts": null,
            "volume_type": "ceph-ssd"
          },
          "sensitive_attributes": [],
          "private": "eyJlMmJmYjczMC1lY2FhLTExZTYtOGY4OC0zNDM2M2JjN2M0YzAiOnsiY3JlYXRlIjo2MDAwMDAwMDAwMDAsImRlbGV0ZSI6NjAwMDAwMDAwMDAwfX0="
        },
        {
          "index_key": 9,
          "schema_version": 0,
          "attributes": {
            "attachment": [],
            "availability_zone": "nova",
            "consistency_group_id": null,
            "description": "",
            "enable_online_resize": null,
            "id": "8f7d3800-8cf4-4c63-a101-371be37e60a1",
            "image_id": null,
            "metadata": {},
            "multiattach": null,
            "name": "worker-vol10",
            "region": "RegionOne",
            "scheduler_hints": [],
            "size": 10000,
            "snapshot_id": "",
            "source_replica": null,
            "source_vol_id": "",
            "timeouts": null,
            "volume_type": "ceph-ssd"
          },
          "sensitive_attributes": [],
          "private": "eyJlMmJmYjczMC1lY2FhLTExZTYtOGY4OC0zNDM2M2JjN2M0YzAiOnsiY3JlYXRlIjo2MDAwMDAwMDAwMDAsImRlbGV0ZSI6NjAwMDAwMDAwMDAwfX0="
        }
      ]
    },
    {
      "mode": "managed",
      "type": "openstack_compute_floatingip_associate_v2",
      "name": "jump",
      "provider": "provider[\"registry.terraform.io/terraform-provider-openstack/openstack\"]",
      "instances": []
    },
    {
      "mode": "managed",
      "type": "openstack_compute_instance_v2",
      "name": "czar",
      "provider": "provider[\"registry.terraform.io/terraform-provider-openstack/openstack\"]",
      "instances": [
        {
          "schema_version": 0,
          "attributes": {
            "access_ip_v4": "10.71.0.127",
            "access_ip_v6": "",
            "admin_pass": null,
            "all_metadata": {},
            "all_tags": [],
            "availability_zone": "nova",
            "availability_zone_hints": "nova",
            "block_device": [],
            "config_drive": null,
            "created": "2023-10-18 10:53:15 +0000 UTC",
            "flavor_id": "d2fa877e-e7be-4206-9445-ce2a5ecfa914",
            "flavor_name": "qserv-czar-v3",
            "floating_ip": null,
            "force_delete": false,
            "id": "c0e1ca05-10b1-4930-934b-77927c4d7c9a",
            "image_id": "fd2ce475-5d1a-45f3-bd49-603332c748c6",
            "image_name": "ubuntu-jammy",
            "key_pair": "gblow-qserv",
            "metadata": null,
            "name": "sv-qserv-oct23-czar",
            "network": [
              {
                "access_network": false,
                "fixed_ip_v4": "10.71.0.127",
                "fixed_ip_v6": "",
                "floating_ip": "",
                "mac": "fa:16:3e:c4:a1:64",
                "name": "qserv",
                "port": "",
                "uuid": "3c7b83ed-b695-4d08-b8bf-7a3ef24a0cb7"
              }
            ],
            "network_mode": null,
            "personality": [],
            "power_state": "active",
            "region": "RegionOne",
            "scheduler_hints": [],
            "security_groups": [
              "qserv-kube-sg"
            ],
            "stop_before_destroy": false,
            "tags": null,
            "timeouts": null,
            "updated": "2023-10-18 10:53:21 +0000 UTC",
            "user_data": null,
            "vendor_options": [],
            "volume": []
          },
          "sensitive_attributes": [],
          "private": "eyJlMmJmYjczMC1lY2FhLTExZTYtOGY4OC0zNDM2M2JjN2M0YzAiOnsiY3JlYXRlIjoxODAwMDAwMDAwMDAwLCJkZWxldGUiOjE4MDAwMDAwMDAwMDAsInVwZGF0ZSI6MTgwMDAwMDAwMDAwMH19",
          "dependencies": [
            "data.openstack_compute_flavor_v2.czar-flavor",
            "data.openstack_images_image_v2.image"
          ]
        }
      ]
    },
    {
      "mode": "managed",
      "type": "openstack_compute_instance_v2",
      "name": "worker",
      "provider": "provider[\"registry.terraform.io/terraform-provider-openstack/openstack\"]",
      "instances": [
        {
          "index_key": 0,
          "schema_version": 0,
          "attributes": {
            "access_ip_v4": "10.71.0.78",
            "access_ip_v6": "",
            "admin_pass": null,
            "all_metadata": {},
            "all_tags": [],
            "availability_zone": "nova",
            "availability_zone_hints": "nova",
            "block_device": [],
            "config_drive": null,
            "created": "2023-10-18 10:53:26 +0000 UTC",
            "flavor_id": "cf763fcc-712e-4ab6-9bf0-5811a1be8dae",
            "flavor_name": "qserv-worker-v4",
            "floating_ip": null,
            "force_delete": false,
            "id": "588059ab-1077-490c-a686-1f9fc659a6ca",
            "image_id": "fd2ce475-5d1a-45f3-bd49-603332c748c6",
            "image_name": "ubuntu-jammy",
            "key_pair": "gblow-qserv",
            "metadata": null,
            "name": "sv-qserv-oct23-worker-1",
            "network": [
              {
                "access_network": false,
                "fixed_ip_v4": "10.71.0.78",
                "fixed_ip_v6": "",
                "floating_ip": "",
                "mac": "fa:16:3e:9c:b7:4a",
                "name": "qserv",
                "port": "",
                "uuid": "3c7b83ed-b695-4d08-b8bf-7a3ef24a0cb7"
              }
            ],
            "network_mode": null,
            "personality": [],
            "power_state": "active",
            "region": "RegionOne",
            "scheduler_hints": [],
            "security_groups": [
              "qserv-kube-sg"
            ],
            "stop_before_destroy": false,
            "tags": null,
            "timeouts": null,
            "updated": "2023-10-18 10:53:34 +0000 UTC",
            "user_data": null,
            "vendor_options": [],
            "volume": []
          },
          "sensitive_attributes": [],
          "private": "eyJlMmJmYjczMC1lY2FhLTExZTYtOGY4OC0zNDM2M2JjN2M0YzAiOnsiY3JlYXRlIjoxODAwMDAwMDAwMDAwLCJkZWxldGUiOjE4MDAwMDAwMDAwMDAsInVwZGF0ZSI6MTgwMDAwMDAwMDAwMH19",
          "dependencies": [
            "data.openstack_compute_flavor_v2.worker-flavor",
            "data.openstack_images_image_v2.image"
          ]
        },
        {
          "index_key": 1,
          "schema_version": 0,
          "attributes": {
            "access_ip_v4": "10.71.0.59",
            "access_ip_v6": "",
            "admin_pass": null,
            "all_metadata": {},
            "all_tags": [],
            "availability_zone": "nova",
            "availability_zone_hints": "nova",
            "block_device": [],
            "config_drive": null,
            "created": "2023-10-18 10:53:22 +0000 UTC",
            "flavor_id": "cf763fcc-712e-4ab6-9bf0-5811a1be8dae",
            "flavor_name": "qserv-worker-v4",
            "floating_ip": null,
            "force_delete": false,
            "id": "edf6984b-323d-499c-8968-e38376997683",
            "image_id": "fd2ce475-5d1a-45f3-bd49-603332c748c6",
            "image_name": "ubuntu-jammy",
            "key_pair": "gblow-qserv",
            "metadata": null,
            "name": "sv-qserv-oct23-worker-2",
            "network": [
              {
                "access_network": false,
                "fixed_ip_v4": "10.71.0.59",
                "fixed_ip_v6": "",
                "floating_ip": "",
                "mac": "fa:16:3e:a3:82:35",
                "name": "qserv",
                "port": "",
                "uuid": "3c7b83ed-b695-4d08-b8bf-7a3ef24a0cb7"
              }
            ],
            "network_mode": null,
            "personality": [],
            "power_state": "active",
            "region": "RegionOne",
            "scheduler_hints": [],
            "security_groups": [
              "qserv-kube-sg"
            ],
            "stop_before_destroy": false,
            "tags": null,
            "timeouts": null,
            "updated": "2023-10-18 10:53:27 +0000 UTC",
            "user_data": null,
            "vendor_options": [],
            "volume": []
          },
          "sensitive_attributes": [],
          "private": "eyJlMmJmYjczMC1lY2FhLTExZTYtOGY4OC0zNDM2M2JjN2M0YzAiOnsiY3JlYXRlIjoxODAwMDAwMDAwMDAwLCJkZWxldGUiOjE4MDAwMDAwMDAwMDAsInVwZGF0ZSI6MTgwMDAwMDAwMDAwMH19",
          "dependencies": [
            "data.openstack_compute_flavor_v2.worker-flavor",
            "data.openstack_images_image_v2.image"
          ]
        },
        {
          "index_key": 3,
          "schema_version": 0,
          "attributes": {
            "access_ip_v4": "10.71.0.160",
            "access_ip_v6": "",
            "admin_pass": null,
            "all_metadata": {},
            "all_tags": [],
            "availability_zone": "nova",
            "availability_zone_hints": "nova",
            "block_device": [],
            "config_drive": null,
            "created": "2023-10-18 10:53:16 +0000 UTC",
            "flavor_id": "cf763fcc-712e-4ab6-9bf0-5811a1be8dae",
            "flavor_name": "qserv-worker-v4",
            "floating_ip": null,
            "force_delete": false,
            "id": "c8bcd3f9-92b5-4699-b27b-d8f017926aa1",
            "image_id": "fd2ce475-5d1a-45f3-bd49-603332c748c6",
            "image_name": "ubuntu-jammy",
            "key_pair": "gblow-qserv",
            "metadata": null,
            "name": "sv-qserv-oct23-worker-4",
            "network": [
              {
                "access_network": false,
                "fixed_ip_v4": "10.71.0.160",
                "fixed_ip_v6": "",
                "floating_ip": "",
                "mac": "fa:16:3e:33:26:f2",
                "name": "qserv",
                "port": "",
                "uuid": "3c7b83ed-b695-4d08-b8bf-7a3ef24a0cb7"
              }
            ],
            "network_mode": null,
            "personality": [],
            "power_state": "active",
            "region": "RegionOne",
            "scheduler_hints": [],
            "security_groups": [
              "qserv-kube-sg"
            ],
            "stop_before_destroy": false,
            "tags": null,
            "timeouts": null,
            "updated": "2023-10-18 10:53:21 +0000 UTC",
            "user_data": null,
            "vendor_options": [],
            "volume": []
          },
          "sensitive_attributes": [],
          "private": "eyJlMmJmYjczMC1lY2FhLTExZTYtOGY4OC0zNDM2M2JjN2M0YzAiOnsiY3JlYXRlIjoxODAwMDAwMDAwMDAwLCJkZWxldGUiOjE4MDAwMDAwMDAwMDAsInVwZGF0ZSI6MTgwMDAwMDAwMDAwMH19",
          "dependencies": [
            "data.openstack_compute_flavor_v2.worker-flavor",
            "data.openstack_images_image_v2.image"
          ]
        },
        {
          "index_key": 4,
          "schema_version": 0,
          "attributes": {
            "access_ip_v4": "10.71.0.238",
            "access_ip_v6": "",
            "admin_pass": null,
            "all_metadata": {},
            "all_tags": [],
            "availability_zone": "nova",
            "availability_zone_hints": "nova",
            "block_device": [],
            "config_drive": null,
            "created": "2023-10-18 10:53:26 +0000 UTC",
            "flavor_id": "cf763fcc-712e-4ab6-9bf0-5811a1be8dae",
            "flavor_name": "qserv-worker-v4",
            "floating_ip": null,
            "force_delete": false,
            "id": "e8b1b529-b82f-44a2-9a3a-ca753d2ea12e",
            "image_id": "fd2ce475-5d1a-45f3-bd49-603332c748c6",
            "image_name": "ubuntu-jammy",
            "key_pair": "gblow-qserv",
            "metadata": null,
            "name": "sv-qserv-oct23-worker-5",
            "network": [
              {
                "access_network": false,
                "fixed_ip_v4": "10.71.0.238",
                "fixed_ip_v6": "",
                "floating_ip": "",
                "mac": "fa:16:3e:ba:0b:c1",
                "name": "qserv",
                "port": "",
                "uuid": "3c7b83ed-b695-4d08-b8bf-7a3ef24a0cb7"
              }
            ],
            "network_mode": null,
            "personality": [],
            "power_state": "active",
            "region": "RegionOne",
            "scheduler_hints": [],
            "security_groups": [
              "qserv-kube-sg"
            ],
            "stop_before_destroy": false,
            "tags": null,
            "timeouts": null,
            "updated": "2023-10-18 10:53:36 +0000 UTC",
            "user_data": null,
            "vendor_options": [],
            "volume": []
          },
          "sensitive_attributes": [],
          "private": "eyJlMmJmYjczMC1lY2FhLTExZTYtOGY4OC0zNDM2M2JjN2M0YzAiOnsiY3JlYXRlIjoxODAwMDAwMDAwMDAwLCJkZWxldGUiOjE4MDAwMDAwMDAwMDAsInVwZGF0ZSI6MTgwMDAwMDAwMDAwMH19",
          "dependencies": [
            "data.openstack_compute_flavor_v2.worker-flavor",
            "data.openstack_images_image_v2.image"
          ]
        },
        {
          "index_key": 5,
          "status": "tainted",
          "schema_version": 0,
          "attributes": {
            "access_ip_v4": null,
            "access_ip_v6": null,
            "admin_pass": null,
            "all_metadata": null,
            "all_tags": [],
            "availability_zone": null,
            "availability_zone_hints": "nova",
            "block_device": [],
            "config_drive": null,
            "created": null,
            "flavor_id": "cf763fcc-712e-4ab6-9bf0-5811a1be8dae",
            "flavor_name": null,
            "floating_ip": null,
            "force_delete": false,
            "id": "59521a49-24a3-4070-9606-92a997881e0d",
            "image_id": "fd2ce475-5d1a-45f3-bd49-603332c748c6",
            "image_name": null,
            "key_pair": "gblow-qserv",
            "metadata": null,
            "name": "sv-qserv-oct23-worker-6",
            "network": [
              {
                "access_network": false,
                "fixed_ip_v4": "",
                "fixed_ip_v6": "",
                "floating_ip": "",
                "mac": "",
                "name": "qserv",
                "port": "",
                "uuid": ""
              }
            ],
            "network_mode": null,
            "personality": [],
            "power_state": "active",
            "region": null,
            "scheduler_hints": [],
            "security_groups": [
              "qserv-kube-sg"
            ],
            "stop_before_destroy": false,
            "tags": null,
            "timeouts": null,
            "updated": null,
            "user_data": null,
            "vendor_options": [],
            "volume": []
          },
          "sensitive_attributes": [],
          "private": "eyJlMmJmYjczMC1lY2FhLTExZTYtOGY4OC0zNDM2M2JjN2M0YzAiOnsiY3JlYXRlIjoxODAwMDAwMDAwMDAwLCJkZWxldGUiOjE4MDAwMDAwMDAwMDAsInVwZGF0ZSI6MTgwMDAwMDAwMDAwMH19",
          "dependencies": [
            "data.openstack_compute_flavor_v2.worker-flavor",
            "data.openstack_images_image_v2.image"
          ]
        },
        {
          "index_key": 6,
          "schema_version": 0,
          "attributes": {
            "access_ip_v4": "10.71.0.115",
            "access_ip_v6": "",
            "admin_pass": null,
            "all_metadata": {},
            "all_tags": [],
            "availability_zone": "nova",
            "availability_zone_hints": "nova",
            "block_device": [],
            "config_drive": null,
            "created": "2023-10-18 10:53:27 +0000 UTC",
            "flavor_id": "cf763fcc-712e-4ab6-9bf0-5811a1be8dae",
            "flavor_name": "qserv-worker-v4",
            "floating_ip": null,
            "force_delete": false,
            "id": "0c473192-3999-4dc4-b49d-50c053488fc4",
            "image_id": "fd2ce475-5d1a-45f3-bd49-603332c748c6",
            "image_name": "ubuntu-jammy",
            "key_pair": "gblow-qserv",
            "metadata": null,
            "name": "sv-qserv-oct23-worker-7",
            "network": [
              {
                "access_network": false,
                "fixed_ip_v4": "10.71.0.115",
                "fixed_ip_v6": "",
                "floating_ip": "",
                "mac": "fa:16:3e:bc:8c:fd",
                "name": "qserv",
                "port": "",
                "uuid": "3c7b83ed-b695-4d08-b8bf-7a3ef24a0cb7"
              }
            ],
            "network_mode": null,
            "personality": [],
            "power_state": "active",
            "region": "RegionOne",
            "scheduler_hints": [],
            "security_groups": [
              "qserv-kube-sg"
            ],
            "stop_before_destroy": false,
            "tags": null,
            "timeouts": null,
            "updated": "2023-10-18 10:53:34 +0000 UTC",
            "user_data": null,
            "vendor_options": [],
            "volume": []
          },
          "sensitive_attributes": [],
          "private": "eyJlMmJmYjczMC1lY2FhLTExZTYtOGY4OC0zNDM2M2JjN2M0YzAiOnsiY3JlYXRlIjoxODAwMDAwMDAwMDAwLCJkZWxldGUiOjE4MDAwMDAwMDAwMDAsInVwZGF0ZSI6MTgwMDAwMDAwMDAwMH19",
          "dependencies": [
            "data.openstack_compute_flavor_v2.worker-flavor",
            "data.openstack_images_image_v2.image"
          ]
        },
        {
          "index_key": 7,
          "schema_version": 0,
          "attributes": {
            "access_ip_v4": "10.71.0.106",
            "access_ip_v6": "",
            "admin_pass": null,
            "all_metadata": {},
            "all_tags": [],
            "availability_zone": "nova",
            "availability_zone_hints": "nova",
            "block_device": [],
            "config_drive": null,
            "created": "2023-10-18 10:53:26 +0000 UTC",
            "flavor_id": "cf763fcc-712e-4ab6-9bf0-5811a1be8dae",
            "flavor_name": "qserv-worker-v4",
            "floating_ip": null,
            "force_delete": false,
            "id": "def5cd7f-c503-4cd7-ac17-56cb26e6a3f5",
            "image_id": "fd2ce475-5d1a-45f3-bd49-603332c748c6",
            "image_name": "ubuntu-jammy",
            "key_pair": "gblow-qserv",
            "metadata": null,
            "name": "sv-qserv-oct23-worker-8",
            "network": [
              {
                "access_network": false,
                "fixed_ip_v4": "10.71.0.106",
                "fixed_ip_v6": "",
                "floating_ip": "",
                "mac": "fa:16:3e:d5:e3:4c",
                "name": "qserv",
                "port": "",
                "uuid": "3c7b83ed-b695-4d08-b8bf-7a3ef24a0cb7"
              }
            ],
            "network_mode": null,
            "personality": [],
            "power_state": "active",
            "region": "RegionOne",
            "scheduler_hints": [],
            "security_groups": [
              "qserv-kube-sg"
            ],
            "stop_before_destroy": false,
            "tags": null,
            "timeouts": null,
            "updated": "2023-10-18 10:53:34 +0000 UTC",
            "user_data": null,
            "vendor_options": [],
            "volume": []
          },
          "sensitive_attributes": [],
          "private": "eyJlMmJmYjczMC1lY2FhLTExZTYtOGY4OC0zNDM2M2JjN2M0YzAiOnsiY3JlYXRlIjoxODAwMDAwMDAwMDAwLCJkZWxldGUiOjE4MDAwMDAwMDAwMDAsInVwZGF0ZSI6MTgwMDAwMDAwMDAwMH19",
          "dependencies": [
            "data.openstack_compute_flavor_v2.worker-flavor",
            "data.openstack_images_image_v2.image"
          ]
        },
        {
          "index_key": 8,
          "schema_version": 0,
          "attributes": {
            "access_ip_v4": "10.71.0.219",
            "access_ip_v6": "",
            "admin_pass": null,
            "all_metadata": {},
            "all_tags": [],
            "availability_zone": "nova",
            "availability_zone_hints": "nova",
            "block_device": [],
            "config_drive": null,
            "created": "2023-10-18 10:53:16 +0000 UTC",
            "flavor_id": "cf763fcc-712e-4ab6-9bf0-5811a1be8dae",
            "flavor_name": "qserv-worker-v4",
            "floating_ip": null,
            "force_delete": false,
            "id": "38c25d0b-33fc-4d81-b449-72424d2b246f",
            "image_id": "fd2ce475-5d1a-45f3-bd49-603332c748c6",
            "image_name": "ubuntu-jammy",
            "key_pair": "gblow-qserv",
            "metadata": null,
            "name": "sv-qserv-oct23-worker-9",
            "network": [
              {
                "access_network": false,
                "fixed_ip_v4": "10.71.0.219",
                "fixed_ip_v6": "",
                "floating_ip": "",
                "mac": "fa:16:3e:4e:18:e6",
                "name": "qserv",
                "port": "",
                "uuid": "3c7b83ed-b695-4d08-b8bf-7a3ef24a0cb7"
              }
            ],
            "network_mode": null,
            "personality": [],
            "power_state": "active",
            "region": "RegionOne",
            "scheduler_hints": [],
            "security_groups": [
              "qserv-kube-sg"
            ],
            "stop_before_destroy": false,
            "tags": null,
            "timeouts": null,
            "updated": "2023-10-18 10:53:21 +0000 UTC",
            "user_data": null,
            "vendor_options": [],
            "volume": []
          },
          "sensitive_attributes": [],
          "private": "eyJlMmJmYjczMC1lY2FhLTExZTYtOGY4OC0zNDM2M2JjN2M0YzAiOnsiY3JlYXRlIjoxODAwMDAwMDAwMDAwLCJkZWxldGUiOjE4MDAwMDAwMDAwMDAsInVwZGF0ZSI6MTgwMDAwMDAwMDAwMH19",
          "dependencies": [
            "data.openstack_compute_flavor_v2.worker-flavor",
            "data.openstack_images_image_v2.image"
          ]
        },
        {
          "index_key": 9,
          "schema_version": 0,
          "attributes": {
            "access_ip_v4": "10.71.0.40",
            "access_ip_v6": "",
            "admin_pass": null,
            "all_metadata": {},
            "all_tags": [],
            "availability_zone": "nova",
            "availability_zone_hints": "nova",
            "block_device": [],
            "config_drive": null,
            "created": "2023-10-18 10:53:26 +0000 UTC",
            "flavor_id": "cf763fcc-712e-4ab6-9bf0-5811a1be8dae",
            "flavor_name": "qserv-worker-v4",
            "floating_ip": null,
            "force_delete": false,
            "id": "aa60a061-bbd8-49c8-b5ca-cb939de11dcc",
            "image_id": "fd2ce475-5d1a-45f3-bd49-603332c748c6",
            "image_name": "ubuntu-jammy",
            "key_pair": "gblow-qserv",
            "metadata": null,
            "name": "sv-qserv-oct23-worker-10",
            "network": [
              {
                "access_network": false,
                "fixed_ip_v4": "10.71.0.40",
                "fixed_ip_v6": "",
                "floating_ip": "",
                "mac": "fa:16:3e:ac:35:de",
                "name": "qserv",
                "port": "",
                "uuid": "3c7b83ed-b695-4d08-b8bf-7a3ef24a0cb7"
              }
            ],
            "network_mode": null,
            "personality": [],
            "power_state": "active",
            "region": "RegionOne",
            "scheduler_hints": [],
            "security_groups": [
              "qserv-kube-sg"
            ],
            "stop_before_destroy": false,
            "tags": null,
            "timeouts": null,
            "updated": "2023-10-18 10:53:34 +0000 UTC",
            "user_data": null,
            "vendor_options": [],
            "volume": []
          },
          "sensitive_attributes": [],
          "private": "eyJlMmJmYjczMC1lY2FhLTExZTYtOGY4OC0zNDM2M2JjN2M0YzAiOnsiY3JlYXRlIjoxODAwMDAwMDAwMDAwLCJkZWxldGUiOjE4MDAwMDAwMDAwMDAsInVwZGF0ZSI6MTgwMDAwMDAwMDAwMH19",
          "dependencies": [
            "data.openstack_compute_flavor_v2.worker-flavor",
            "data.openstack_images_image_v2.image"
          ]
        }
      ]
    },
    {
      "mode": "managed",
      "type": "openstack_compute_volume_attach_v2",
      "name": "czar_vol_attach",
      "provider": "provider[\"registry.terraform.io/terraform-provider-openstack/openstack\"]",
      "instances": [
        {
          "schema_version": 0,
          "attributes": {
            "device": "/dev/vdb",
            "id": "c0e1ca05-10b1-4930-934b-77927c4d7c9a/87cacdf8-c376-4eb6-8819-4136b02f5029",
            "instance_id": "c0e1ca05-10b1-4930-934b-77927c4d7c9a",
            "multiattach": null,
            "region": "RegionOne",
            "timeouts": null,
            "vendor_options": [],
            "volume_id": "87cacdf8-c376-4eb6-8819-4136b02f5029"
          },
          "sensitive_attributes": [],
          "private": "eyJlMmJmYjczMC1lY2FhLTExZTYtOGY4OC0zNDM2M2JjN2M0YzAiOnsiY3JlYXRlIjo2MDAwMDAwMDAwMDAsImRlbGV0ZSI6NjAwMDAwMDAwMDAwfX0=",
          "dependencies": [
            "data.openstack_compute_flavor_v2.czar-flavor",
            "data.openstack_images_image_v2.image",
            "openstack_blockstorage_volume_v3.czar-vol",
            "openstack_compute_instance_v2.czar"
          ]
        }
      ]
    },
    {
      "mode": "managed",
      "type": "openstack_compute_volume_attach_v2",
      "name": "utility_vol_attach",
      "provider": "provider[\"registry.terraform.io/terraform-provider-openstack/openstack\"]",
      "instances": []
    },
    {
      "mode": "managed",
      "type": "openstack_compute_volume_attach_v2",
      "name": "worker_vol_attach",
      "provider": "provider[\"registry.terraform.io/terraform-provider-openstack/openstack\"]",
      "instances": []
    },
    {
      "mode": "managed",
      "type": "openstack_networking_floatingip_v2",
      "name": "jump",
      "provider": "provider[\"registry.terraform.io/terraform-provider-openstack/openstack\"]",
      "instances": [
        {
          "schema_version": 0,
          "attributes": {
            "address": "192.41.122.91",
            "all_tags": [],
            "description": "",
            "dns_domain": "",
            "dns_name": "",
            "fixed_ip": "",
            "id": "e54223c0-fe54-4a65-889a-e2b2129dc9e2",
            "pool": "external",
            "port_id": "",
            "region": "RegionOne",
            "subnet_id": null,
            "subnet_ids": null,
            "tags": null,
            "tenant_id": "9168c636eaec419f807c46f1454e87a9",
            "timeouts": null,
            "value_specs": null
          },
          "sensitive_attributes": [],
          "private": "eyJlMmJmYjczMC1lY2FhLTExZTYtOGY4OC0zNDM2M2JjN2M0YzAiOnsiY3JlYXRlIjo2MDAwMDAwMDAwMDAsImRlbGV0ZSI6NjAwMDAwMDAwMDAwfX0="
        }
      ]
    }
  ],
  "check_results": null
}
