{
  "version": 4,
  "terraform_version": "1.2.1",
  "serial": 163,
  "lineage": "29ffe586-498e-63d7-fe4f-99ce59b2c8d3",
  "outputs": {
    "czarserverip": {
      "value": "10.71.0.203",
      "type": "string"
    },
    "jumpserverfloatingip": {
      "value": "192.41.122.19",
      "type": "string"
    },
    "jumpserverip": {
      "value": "10.71.0.77",
      "type": "string"
    }
  },
  "resources": [
    {
      "mode": "data",
      "type": "openstack_compute_flavor_v2",
      "name": "czar-flavor",
      "provider": "provider[\"registry.terraform.io/terraform-provider-openstack/openstack\"]",
      "instances": [
        {
          "schema_version": 0,
          "attributes": {
            "disk": 30,
            "extra_specs": {},
            "flavor_id": "d144aa63-4e24-41e2-adf3-62f9d872c280",
            "id": "d144aa63-4e24-41e2-adf3-62f9d872c280",
            "is_public": false,
            "min_disk": null,
            "min_ram": null,
            "name": "qserv-jump",
            "ram": 4096,
            "region": null,
            "rx_tx_factor": 1,
            "swap": 0,
            "vcpus": 1
          },
          "sensitive_attributes": []
        }
      ]
    },
    {
      "mode": "data",
      "type": "openstack_compute_flavor_v2",
      "name": "jump-flavor",
      "provider": "provider[\"registry.terraform.io/terraform-provider-openstack/openstack\"]",
      "instances": [
        {
          "schema_version": 0,
          "attributes": {
            "disk": 30,
            "extra_specs": {},
            "flavor_id": "d144aa63-4e24-41e2-adf3-62f9d872c280",
            "id": "d144aa63-4e24-41e2-adf3-62f9d872c280",
            "is_public": false,
            "min_disk": null,
            "min_ram": null,
            "name": "qserv-jump",
            "ram": 4096,
            "region": null,
            "rx_tx_factor": 1,
            "swap": 0,
            "vcpus": 1
          },
          "sensitive_attributes": []
        }
      ]
    },
    {
      "mode": "data",
      "type": "openstack_compute_flavor_v2",
      "name": "utility-flavor",
      "provider": "provider[\"registry.terraform.io/terraform-provider-openstack/openstack\"]",
      "instances": [
        {
          "schema_version": 0,
          "attributes": {
            "disk": 30,
            "extra_specs": {},
            "flavor_id": "d144aa63-4e24-41e2-adf3-62f9d872c280",
            "id": "d144aa63-4e24-41e2-adf3-62f9d872c280",
            "is_public": false,
            "min_disk": null,
            "min_ram": null,
            "name": "qserv-jump",
            "ram": 4096,
            "region": null,
            "rx_tx_factor": 1,
            "swap": 0,
            "vcpus": 1
          },
          "sensitive_attributes": []
        }
      ]
    },
    {
      "mode": "data",
      "type": "openstack_compute_flavor_v2",
      "name": "worker-flavor",
      "provider": "provider[\"registry.terraform.io/terraform-provider-openstack/openstack\"]",
      "instances": [
        {
          "schema_version": 0,
          "attributes": {
            "disk": 30,
            "extra_specs": {},
            "flavor_id": "d144aa63-4e24-41e2-adf3-62f9d872c280",
            "id": "d144aa63-4e24-41e2-adf3-62f9d872c280",
            "is_public": false,
            "min_disk": null,
            "min_ram": null,
            "name": "qserv-jump",
            "ram": 4096,
            "region": null,
            "rx_tx_factor": 1,
            "swap": 0,
            "vcpus": 1
          },
          "sensitive_attributes": []
        }
      ]
    },
    {
      "mode": "data",
      "type": "openstack_images_image_v2",
      "name": "image",
      "provider": "provider[\"registry.terraform.io/terraform-provider-openstack/openstack\"]",
      "instances": [
        {
          "schema_version": 0,
          "attributes": {
            "checksum": "28af8a1a252f918367aa68bf9777fdc4",
            "container_format": "bare",
            "created_at": "2022-01-30T19:07:52Z",
            "disk_format": "raw",
            "file": "/v2/images/10cb53d2-228a-4c66-a3a3-32f4a7d48255/file",
            "hidden": false,
            "id": "10cb53d2-228a-4c66-a3a3-32f4a7d48255",
            "member_status": null,
            "metadata": {},
            "min_disk_gb": 20,
            "min_ram_mb": 0,
            "most_recent": true,
            "name": "ubuntu-focal",
            "owner": "af29bdf3eb4d4467a855f54a0441d9ab",
            "properties": null,
            "protected": false,
            "region": "RegionOne",
            "schema": "/v2/schemas/image",
            "size_bytes": 2361393152,
            "size_max": null,
            "size_min": null,
            "sort_direction": "asc",
            "sort_key": "name",
            "tag": null,
            "tags": [],
            "updated_at": "2022-02-09T10:21:27Z",
            "visibility": "public"
          },
          "sensitive_attributes": []
        }
      ]
    },
    {
      "mode": "managed",
      "type": "openstack_compute_floatingip_associate_v2",
      "name": "jump",
      "provider": "provider[\"registry.terraform.io/terraform-provider-openstack/openstack\"]",
      "instances": [
        {
          "schema_version": 0,
          "attributes": {
            "fixed_ip": "",
            "floating_ip": "192.41.122.19",
            "id": "192.41.122.19/67943d7f-56e7-49d8-9dbc-2ff27736d3fb/",
            "instance_id": "67943d7f-56e7-49d8-9dbc-2ff27736d3fb",
            "region": "RegionOne",
            "timeouts": null,
            "wait_until_associated": null
          },
          "sensitive_attributes": [],
          "private": "eyJlMmJmYjczMC1lY2FhLTExZTYtOGY4OC0zNDM2M2JjN2M0YzAiOnsiY3JlYXRlIjo2MDAwMDAwMDAwMDB9fQ==",
          "dependencies": [
            "data.openstack_compute_flavor_v2.jump-flavor",
            "data.openstack_images_image_v2.image",
            "openstack_compute_instance_v2.jump",
            "openstack_networking_floatingip_v2.jump"
          ]
        }
      ]
    },
    {
      "mode": "managed",
      "type": "openstack_compute_instance_v2",
      "name": "czar",
      "provider": "provider[\"registry.terraform.io/terraform-provider-openstack/openstack\"]",
      "instances": [
        {
          "schema_version": 0,
          "attributes": {
            "access_ip_v4": "10.71.0.203",
            "access_ip_v6": "",
            "admin_pass": null,
            "all_metadata": {},
            "all_tags": [],
            "availability_zone": "nova",
            "availability_zone_hints": null,
            "block_device": [],
            "config_drive": null,
            "flavor_id": "d144aa63-4e24-41e2-adf3-62f9d872c280",
            "flavor_name": "qserv-jump",
            "floating_ip": null,
            "force_delete": false,
            "id": "0251c68b-100f-4adb-b910-c325e4673c96",
            "image_id": "10cb53d2-228a-4c66-a3a3-32f4a7d48255",
            "image_name": "ubuntu-focal",
            "key_pair": "gb_somerville_test_key",
            "metadata": null,
            "name": "GB-QServ2-Czar",
            "network": [
              {
                "access_network": false,
                "fixed_ip_v4": "10.71.0.203",
                "fixed_ip_v6": "",
                "floating_ip": "",
                "mac": "fa:16:3e:a2:50:42",
                "name": "qserv",
                "port": "",
                "uuid": "3c7b83ed-b695-4d08-b8bf-7a3ef24a0cb7"
              }
            ],
            "network_mode": null,
            "personality": [],
            "power_state": "active",
            "region": "RegionOne",
            "scheduler_hints": [],
            "security_groups": [
              "default"
            ],
            "stop_before_destroy": false,
            "tags": [],
            "timeouts": null,
            "user_data": null,
            "vendor_options": [],
            "volume": []
          },
          "sensitive_attributes": [],
          "private": "eyJlMmJmYjczMC1lY2FhLTExZTYtOGY4OC0zNDM2M2JjN2M0YzAiOnsiY3JlYXRlIjoxODAwMDAwMDAwMDAwLCJkZWxldGUiOjE4MDAwMDAwMDAwMDAsInVwZGF0ZSI6MTgwMDAwMDAwMDAwMH19",
          "dependencies": [
            "data.openstack_compute_flavor_v2.czar-flavor",
            "data.openstack_images_image_v2.image"
          ]
        }
      ]
    },
    {
      "mode": "managed",
      "type": "openstack_compute_instance_v2",
      "name": "jump",
      "provider": "provider[\"registry.terraform.io/terraform-provider-openstack/openstack\"]",
      "instances": [
        {
          "schema_version": 0,
          "attributes": {
            "access_ip_v4": "10.71.0.77",
            "access_ip_v6": "",
            "admin_pass": null,
            "all_metadata": {},
            "all_tags": [],
            "availability_zone": "nova",
            "availability_zone_hints": null,
            "block_device": [],
            "config_drive": null,
            "flavor_id": "d144aa63-4e24-41e2-adf3-62f9d872c280",
            "flavor_name": "qserv-jump",
            "floating_ip": null,
            "force_delete": false,
            "id": "67943d7f-56e7-49d8-9dbc-2ff27736d3fb",
            "image_id": "10cb53d2-228a-4c66-a3a3-32f4a7d48255",
            "image_name": "ubuntu-focal",
            "key_pair": "gb_somerville_test_key",
            "metadata": null,
            "name": "GB-QServ2-Jump",
            "network": [
              {
                "access_network": false,
                "fixed_ip_v4": "10.71.0.77",
                "fixed_ip_v6": "",
                "floating_ip": "",
                "mac": "fa:16:3e:2e:21:e1",
                "name": "qserv",
                "port": "",
                "uuid": "3c7b83ed-b695-4d08-b8bf-7a3ef24a0cb7"
              }
            ],
            "network_mode": null,
            "personality": [],
            "power_state": "active",
            "region": "RegionOne",
            "scheduler_hints": [],
            "security_groups": [
              "default"
            ],
            "stop_before_destroy": false,
            "tags": [],
            "timeouts": null,
            "user_data": null,
            "vendor_options": [],
            "volume": []
          },
          "sensitive_attributes": [],
          "private": "eyJlMmJmYjczMC1lY2FhLTExZTYtOGY4OC0zNDM2M2JjN2M0YzAiOnsiY3JlYXRlIjoxODAwMDAwMDAwMDAwLCJkZWxldGUiOjE4MDAwMDAwMDAwMDAsInVwZGF0ZSI6MTgwMDAwMDAwMDAwMH19",
          "dependencies": [
            "data.openstack_compute_flavor_v2.jump-flavor",
            "data.openstack_images_image_v2.image"
          ]
        }
      ]
    },
    {
      "mode": "managed",
      "type": "openstack_compute_instance_v2",
      "name": "utility",
      "provider": "provider[\"registry.terraform.io/terraform-provider-openstack/openstack\"]",
      "instances": [
        {
          "schema_version": 0,
          "attributes": {
            "access_ip_v4": "10.71.0.151",
            "access_ip_v6": "",
            "admin_pass": null,
            "all_metadata": {},
            "all_tags": [],
            "availability_zone": "nova",
            "availability_zone_hints": null,
            "block_device": [],
            "config_drive": null,
            "flavor_id": "d144aa63-4e24-41e2-adf3-62f9d872c280",
            "flavor_name": "qserv-jump",
            "floating_ip": null,
            "force_delete": false,
            "id": "8e93f912-3afa-4969-9f0d-66f65922543d",
            "image_id": "10cb53d2-228a-4c66-a3a3-32f4a7d48255",
            "image_name": "ubuntu-focal",
            "key_pair": "gb_somerville_test_key",
            "metadata": null,
            "name": "GB-QServ2-Utility",
            "network": [
              {
                "access_network": false,
                "fixed_ip_v4": "10.71.0.151",
                "fixed_ip_v6": "",
                "floating_ip": "",
                "mac": "fa:16:3e:c0:0d:c0",
                "name": "qserv",
                "port": "",
                "uuid": "3c7b83ed-b695-4d08-b8bf-7a3ef24a0cb7"
              }
            ],
            "network_mode": null,
            "personality": [],
            "power_state": "active",
            "region": "RegionOne",
            "scheduler_hints": [],
            "security_groups": [
              "default"
            ],
            "stop_before_destroy": false,
            "tags": [],
            "timeouts": null,
            "user_data": null,
            "vendor_options": [],
            "volume": []
          },
          "sensitive_attributes": [],
          "private": "eyJlMmJmYjczMC1lY2FhLTExZTYtOGY4OC0zNDM2M2JjN2M0YzAiOnsiY3JlYXRlIjoxODAwMDAwMDAwMDAwLCJkZWxldGUiOjE4MDAwMDAwMDAwMDAsInVwZGF0ZSI6MTgwMDAwMDAwMDAwMH19",
          "dependencies": [
            "data.openstack_compute_flavor_v2.utility-flavor",
            "data.openstack_images_image_v2.image"
          ]
        }
      ]
    },
    {
      "mode": "managed",
      "type": "openstack_compute_instance_v2",
      "name": "worker",
      "provider": "provider[\"registry.terraform.io/terraform-provider-openstack/openstack\"]",
      "instances": [
        {
          "schema_version": 0,
          "attributes": {
            "access_ip_v4": "10.71.0.26",
            "access_ip_v6": "",
            "admin_pass": null,
            "all_metadata": {},
            "all_tags": [],
            "availability_zone": "nova",
            "availability_zone_hints": null,
            "block_device": [],
            "config_drive": null,
            "flavor_id": "d144aa63-4e24-41e2-adf3-62f9d872c280",
            "flavor_name": "qserv-jump",
            "floating_ip": null,
            "force_delete": false,
            "id": "693dd3f1-bbf7-4e8e-bec2-0e1a96e2e397",
            "image_id": "10cb53d2-228a-4c66-a3a3-32f4a7d48255",
            "image_name": "ubuntu-focal",
            "key_pair": "gb_somerville_test_key",
            "metadata": null,
            "name": "GB-QServ2-Worker",
            "network": [
              {
                "access_network": false,
                "fixed_ip_v4": "10.71.0.26",
                "fixed_ip_v6": "",
                "floating_ip": "",
                "mac": "fa:16:3e:4d:57:0f",
                "name": "qserv",
                "port": "",
                "uuid": "3c7b83ed-b695-4d08-b8bf-7a3ef24a0cb7"
              }
            ],
            "network_mode": null,
            "personality": [],
            "power_state": "active",
            "region": "RegionOne",
            "scheduler_hints": [],
            "security_groups": [
              "default"
            ],
            "stop_before_destroy": false,
            "tags": [],
            "timeouts": null,
            "user_data": null,
            "vendor_options": [],
            "volume": []
          },
          "sensitive_attributes": [],
          "private": "eyJlMmJmYjczMC1lY2FhLTExZTYtOGY4OC0zNDM2M2JjN2M0YzAiOnsiY3JlYXRlIjoxODAwMDAwMDAwMDAwLCJkZWxldGUiOjE4MDAwMDAwMDAwMDAsInVwZGF0ZSI6MTgwMDAwMDAwMDAwMH19",
          "dependencies": [
            "data.openstack_compute_flavor_v2.worker-flavor",
            "data.openstack_images_image_v2.image"
          ]
        }
      ]
    },
    {
      "mode": "managed",
      "type": "openstack_networking_floatingip_v2",
      "name": "jump",
      "provider": "provider[\"registry.terraform.io/terraform-provider-openstack/openstack\"]",
      "instances": [
        {
          "schema_version": 0,
          "attributes": {
            "address": "192.41.122.19",
            "all_tags": [],
            "description": "",
            "dns_domain": "",
            "dns_name": "",
            "fixed_ip": "10.71.0.77",
            "id": "85e80f2d-f7f3-4bfe-bae3-bcd23d22bffc",
            "pool": "external",
            "port_id": "8ab753f3-293f-48eb-9c9a-be976bfd0a41",
            "region": "RegionOne",
            "subnet_id": null,
            "subnet_ids": null,
            "tags": [],
            "tenant_id": "9168c636eaec419f807c46f1454e87a9",
            "timeouts": null,
            "value_specs": null
          },
          "sensitive_attributes": [],
          "private": "eyJlMmJmYjczMC1lY2FhLTExZTYtOGY4OC0zNDM2M2JjN2M0YzAiOnsiY3JlYXRlIjo2MDAwMDAwMDAwMDAsImRlbGV0ZSI6NjAwMDAwMDAwMDAwfX0="
        }
      ]
    }
  ]
}
