{
  "version": 4,
  "terraform_version": "1.2.1",
  "serial": 126,
  "lineage": "29ffe586-498e-63d7-fe4f-99ce59b2c8d3",
  "outputs": {
    "czarserverip": {
      "value": "10.65.0.126",
      "type": "string"
    },
    "jumpserverfloatingip": {
      "value": "192.41.122.101",
      "type": "string"
    },
    "jumpserverip": {
      "value": "10.65.0.138",
      "type": "string"
    }
  },
  "resources": [
    {
      "mode": "data",
      "type": "openstack_compute_flavor_v2",
      "name": "czar-flavor",
      "provider": "provider[\"registry.terraform.io/terraform-provider-openstack/openstack\"]",
      "instances": [
        {
          "schema_version": 0,
          "attributes": {
            "disk": 30,
            "extra_specs": {},
            "flavor_id": "d144aa63-4e24-41e2-adf3-62f9d872c280",
            "id": "d144aa63-4e24-41e2-adf3-62f9d872c280",
            "is_public": false,
            "min_disk": null,
            "min_ram": null,
            "name": "qserv-jump",
            "ram": 4096,
            "region": null,
            "rx_tx_factor": 1,
            "swap": 0,
            "vcpus": 1
          },
          "sensitive_attributes": []
        }
      ]
    },
    {
      "mode": "data",
      "type": "openstack_compute_flavor_v2",
      "name": "jump-flavor",
      "provider": "provider[\"registry.terraform.io/terraform-provider-openstack/openstack\"]",
      "instances": [
        {
          "schema_version": 0,
          "attributes": {
            "disk": 30,
            "extra_specs": {},
            "flavor_id": "d144aa63-4e24-41e2-adf3-62f9d872c280",
            "id": "d144aa63-4e24-41e2-adf3-62f9d872c280",
            "is_public": false,
            "min_disk": null,
            "min_ram": null,
            "name": "qserv-jump",
            "ram": 4096,
            "region": null,
            "rx_tx_factor": 1,
            "swap": 0,
            "vcpus": 1
          },
          "sensitive_attributes": []
        }
      ]
    },
    {
      "mode": "data",
      "type": "openstack_images_image_v2",
      "name": "image",
      "provider": "provider[\"registry.terraform.io/terraform-provider-openstack/openstack\"]",
      "instances": [
        {
          "schema_version": 0,
          "attributes": {
            "checksum": "28af8a1a252f918367aa68bf9777fdc4",
            "container_format": "bare",
            "created_at": "2022-01-30T19:07:52Z",
            "disk_format": "raw",
            "file": "/v2/images/10cb53d2-228a-4c66-a3a3-32f4a7d48255/file",
            "hidden": false,
            "id": "10cb53d2-228a-4c66-a3a3-32f4a7d48255",
            "member_status": null,
            "metadata": {},
            "min_disk_gb": 20,
            "min_ram_mb": 0,
            "most_recent": true,
            "name": "ubuntu-focal",
            "owner": "af29bdf3eb4d4467a855f54a0441d9ab",
            "properties": null,
            "protected": false,
            "region": "RegionOne",
            "schema": "/v2/schemas/image",
            "size_bytes": 2361393152,
            "size_max": null,
            "size_min": null,
            "sort_direction": "asc",
            "sort_key": "name",
            "tag": null,
            "tags": [],
            "updated_at": "2022-02-09T10:21:27Z",
            "visibility": "public"
          },
          "sensitive_attributes": []
        }
      ]
    },
    {
      "mode": "managed",
      "type": "openstack_compute_floatingip_associate_v2",
      "name": "jump",
      "provider": "provider[\"registry.terraform.io/terraform-provider-openstack/openstack\"]",
      "instances": [
        {
          "schema_version": 0,
          "attributes": {
            "fixed_ip": "",
            "floating_ip": "192.41.122.101",
            "id": "192.41.122.101/1732597e-73f3-40be-bf67-d102826f456d/",
            "instance_id": "1732597e-73f3-40be-bf67-d102826f456d",
            "region": "RegionOne",
            "timeouts": null,
            "wait_until_associated": null
          },
          "sensitive_attributes": [],
          "private": "eyJlMmJmYjczMC1lY2FhLTExZTYtOGY4OC0zNDM2M2JjN2M0YzAiOnsiY3JlYXRlIjo2MDAwMDAwMDAwMDB9fQ==",
          "dependencies": [
            "data.openstack_compute_flavor_v2.jump-flavor",
            "data.openstack_images_image_v2.image",
            "openstack_compute_instance_v2.jump",
            "openstack_networking_floatingip_v2.jump"
          ]
        }
      ]
    },
    {
      "mode": "managed",
      "type": "openstack_compute_instance_v2",
      "name": "czar",
      "provider": "provider[\"registry.terraform.io/terraform-provider-openstack/openstack\"]",
      "instances": [
        {
          "schema_version": 0,
          "attributes": {
            "access_ip_v4": "10.65.0.126",
            "access_ip_v6": "",
            "admin_pass": null,
            "all_metadata": {},
            "all_tags": [],
            "availability_zone": "nova",
            "availability_zone_hints": null,
            "block_device": [],
            "config_drive": null,
            "flavor_id": "d144aa63-4e24-41e2-adf3-62f9d872c280",
            "flavor_name": "qserv-jump",
            "floating_ip": null,
            "force_delete": false,
            "id": "6bf4591b-a26f-4411-a09c-1998116c3700",
            "image_id": "10cb53d2-228a-4c66-a3a3-32f4a7d48255",
            "image_name": "ubuntu-focal",
            "key_pair": "gb_somerville_test_key",
            "metadata": null,
            "name": "GB-QServ2-Czar",
            "network": [
              {
                "access_network": false,
                "fixed_ip_v4": "10.65.0.126",
                "fixed_ip_v6": "",
                "floating_ip": "",
                "mac": "fa:16:3e:7f:b7:41",
                "name": "test",
                "port": "",
                "uuid": "31d00f46-e1cb-41a8-a935-52f33be309ce"
              }
            ],
            "network_mode": null,
            "personality": [],
            "power_state": "active",
            "region": "RegionOne",
            "scheduler_hints": [],
            "security_groups": [
              "default"
            ],
            "stop_before_destroy": false,
            "tags": [],
            "timeouts": null,
            "user_data": null,
            "vendor_options": [],
            "volume": []
          },
          "sensitive_attributes": [],
          "private": "eyJlMmJmYjczMC1lY2FhLTExZTYtOGY4OC0zNDM2M2JjN2M0YzAiOnsiY3JlYXRlIjoxODAwMDAwMDAwMDAwLCJkZWxldGUiOjE4MDAwMDAwMDAwMDAsInVwZGF0ZSI6MTgwMDAwMDAwMDAwMH19",
          "dependencies": [
            "data.openstack_compute_flavor_v2.czar-flavor",
            "data.openstack_images_image_v2.image"
          ]
        }
      ]
    },
    {
      "mode": "managed",
      "type": "openstack_compute_instance_v2",
      "name": "jump",
      "provider": "provider[\"registry.terraform.io/terraform-provider-openstack/openstack\"]",
      "instances": [
        {
          "schema_version": 0,
          "attributes": {
            "access_ip_v4": "10.65.0.138",
            "access_ip_v6": "",
            "admin_pass": null,
            "all_metadata": {},
            "all_tags": [],
            "availability_zone": "nova",
            "availability_zone_hints": null,
            "block_device": [],
            "config_drive": null,
            "flavor_id": "d144aa63-4e24-41e2-adf3-62f9d872c280",
            "flavor_name": "qserv-jump",
            "floating_ip": null,
            "force_delete": false,
            "id": "1732597e-73f3-40be-bf67-d102826f456d",
            "image_id": "10cb53d2-228a-4c66-a3a3-32f4a7d48255",
            "image_name": "ubuntu-focal",
            "key_pair": "gb_somerville_test_key",
            "metadata": null,
            "name": "GB-QServ2-Jump",
            "network": [
              {
                "access_network": false,
                "fixed_ip_v4": "10.65.0.138",
                "fixed_ip_v6": "",
                "floating_ip": "",
                "mac": "fa:16:3e:20:f8:90",
                "name": "test",
                "port": "",
                "uuid": "31d00f46-e1cb-41a8-a935-52f33be309ce"
              }
            ],
            "network_mode": null,
            "personality": [],
            "power_state": "active",
            "region": "RegionOne",
            "scheduler_hints": [],
            "security_groups": [
              "default"
            ],
            "stop_before_destroy": false,
            "tags": [],
            "timeouts": null,
            "user_data": null,
            "vendor_options": [],
            "volume": []
          },
          "sensitive_attributes": [],
          "private": "eyJlMmJmYjczMC1lY2FhLTExZTYtOGY4OC0zNDM2M2JjN2M0YzAiOnsiY3JlYXRlIjoxODAwMDAwMDAwMDAwLCJkZWxldGUiOjE4MDAwMDAwMDAwMDAsInVwZGF0ZSI6MTgwMDAwMDAwMDAwMH19",
          "dependencies": [
            "data.openstack_compute_flavor_v2.jump-flavor",
            "data.openstack_images_image_v2.image"
          ]
        }
      ]
    },
    {
      "mode": "managed",
      "type": "openstack_networking_floatingip_v2",
      "name": "jump",
      "provider": "provider[\"registry.terraform.io/terraform-provider-openstack/openstack\"]",
      "instances": [
        {
          "schema_version": 0,
          "attributes": {
            "address": "192.41.122.101",
            "all_tags": [],
            "description": "",
            "dns_domain": "",
            "dns_name": "",
            "fixed_ip": "10.65.0.138",
            "id": "7a303a46-70f1-4630-b029-b250db4839d1",
            "pool": "external",
            "port_id": "b52253ec-a083-4c56-93cf-5020815b5136",
            "region": "RegionOne",
            "subnet_id": null,
            "subnet_ids": null,
            "tags": [],
            "tenant_id": "9168c636eaec419f807c46f1454e87a9",
            "timeouts": null,
            "value_specs": null
          },
          "sensitive_attributes": [],
          "private": "eyJlMmJmYjczMC1lY2FhLTExZTYtOGY4OC0zNDM2M2JjN2M0YzAiOnsiY3JlYXRlIjo2MDAwMDAwMDAwMDAsImRlbGV0ZSI6NjAwMDAwMDAwMDAwfX0="
        }
      ]
    }
  ]
}
